<?xml version="1.0" encoding="utf-8"?>
<Project ToolsVersion="4.0" xmlns="http://schemas.microsoft.com/developer/msbuild/2003">
  <ItemGroup>
    <ClCompile Include="clientcore.cpp">
      <Filter>Source Files</Filter>
    </ClCompile>
    <ClCompile Include="clientsession.cpp">
      <Filter>Source Files</Filter>
    </ClCompile>
    <ClCompile Include="clientthread.cpp">
      <Filter>Source Files</Filter>
    </ClCompile>
    <ClCompile Include="dllmain.cpp">
      <Filter>Source Files</Filter>
    </ClCompile>
    <ClCompile Include="stdafx.cpp">
      <Filter>Source Files</Filter>
    </ClCompile>
    <ClCompile Include="..\..\include\membuffer.cpp">
      <Filter>Source Files\global</Filter>
    </ClCompile>
    <ClCompile Include="..\shared\uthread.cpp">
      <Filter>Source Files\shared</Filter>
    </ClCompile>
    <ClCompile Include="..\shared\includes.cpp">
      <Filter>Source Files\shared</Filter>
    </ClCompile>
    <ClCompile Include="..\ClientCore\socketpool.cpp">
      <Filter>Source Files</Filter>
    </ClCompile>
    <ClCompile Include="..\ClientCore\csocketimpl.cpp">
      <Filter>Source Files</Filter>
    </ClCompile>
    <ClCompile Include="..\ClientCore\clientglobal.cpp">
      <Filter>Source Files</Filter>
    </ClCompile>
    <ClCompile Include="..\shared\certificateimpl.cpp">
      <Filter>Source Files\shared</Filter>
    </ClCompile>
    <ClCompile Include="..\shared\scsspi.cpp">
      <Filter>Source Files\shared</Filter>
    </ClCompile>
    <ClCompile Include="..\..\pinc\base64.cpp">
      <Filter>Source Files\shared</Filter>
    </ClCompile>
  </ItemGroup>
  <ItemGroup>
    <ClInclude Include="clientsession.h">
      <Filter>Header Files</Filter>
    </ClInclude>
    <ClInclude Include="clientthread.h">
      <Filter>Header Files</Filter>
    </ClInclude>
    <ClInclude Include="stdafx.h">
      <Filter>Header Files</Filter>
    </ClInclude>
    <ClInclude Include="targetver.h">
      <Filter>Header Files</Filter>
    </ClInclude>
    <ClInclude Include="..\shared\includes.h">
      <Filter>Header Files\shared</Filter>
    </ClInclude>
    <ClInclude Include="..\shared\uthread.h">
      <Filter>Header Files\shared</Filter>
    </ClInclude>
    <ClInclude Include="..\shared\streamhead.h">
      <Filter>Header Files\shared</Filter>
    </ClInclude>
    <ClInclude Include="..\..\include\membuffer.h">
      <Filter>Header Files\global</Filter>
    </ClInclude>
    <ClInclude Include="..\..\include\commutil.h">
      <Filter>Header Files\global</Filter>
    </ClInclude>
    <ClInclude Include="..\..\include\definebase.h">
      <Filter>Header Files\global</Filter>
    </ClInclude>
    <ClInclude Include="..\..\include\wincommutil.h">
      <Filter>Header Files\global</Filter>
    </ClInclude>
    <ClInclude Include="..\..\include\ucomm.h">
      <Filter>Header Files\global</Filter>
    </ClInclude>
    <ClInclude Include="..\..\pinc\bf.h">
      <Filter>Header Files\shared</Filter>
    </ClInclude>
    <ClInclude Include="..\..\pinc\sha1.h">
      <Filter>Header Files\shared</Filter>
    </ClInclude>
    <ClInclude Include="..\..\pinc\uzip.h">
      <Filter>Header Files\shared</Filter>
    </ClInclude>
    <ClInclude Include="..\..\pinc\mqfile.h">
      <Filter>Header Files\shared</Filter>
    </ClInclude>
    <ClInclude Include="ucertimpl.h">
      <Filter>Header Files</Filter>
    </ClInclude>
    <ClInclude Include="..\ClientCore\socketpool.h">
      <Filter>Header Files</Filter>
    </ClInclude>
    <ClInclude Include="..\shared\certificateimpl.h">
      <Filter>Header Files\shared</Filter>
    </ClInclude>
    <ClInclude Include="..\shared\scsspi.h">
      <Filter>Header Files\shared</Filter>
    </ClInclude>
    <ClInclude Include="..\..\pinc\base64.h">
      <Filter>Header Files\shared</Filter>
    </ClInclude>
  </ItemGroup>
  <ItemGroup>
    <Filter Include="Header Files">
      <UniqueIdentifier>{93bace49-be94-4e24-8c01-459d321fc258}</UniqueIdentifier>
    </Filter>
    <Filter Include="Source Files">
      <UniqueIdentifier>{6875323f-3240-4125-8091-8b415089c45d}</UniqueIdentifier>
    </Filter>
    <Filter Include="Source Files\global">
      <UniqueIdentifier>{c51f67d4-0431-4bd9-a1b4-a5a28352cf74}</UniqueIdentifier>
    </Filter>
    <Filter Include="Source Files\shared">
      <UniqueIdentifier>{bd468a7d-5cfb-4103-82bd-376743c5223d}</UniqueIdentifier>
    </Filter>
    <Filter Include="Header Files\global">
      <UniqueIdentifier>{bc9f5179-1d78-482d-998b-fef0594d2c7a}</UniqueIdentifier>
    </Filter>
    <Filter Include="Header Files\shared">
      <UniqueIdentifier>{0b7b2e2a-acd1-43e5-aed3-b4a8ff6ea06f}</UniqueIdentifier>
    </Filter>
  </ItemGroup>
  <ItemGroup>
    <ResourceCompile Include="..\ClientCore\uclientcore.rc" />
  </ItemGroup>
</Project>