<?xml version="1.0" encoding="utf-8"?>
<Project ToolsVersion="4.0" xmlns="http://schemas.microsoft.com/developer/msbuild/2003">
  <ItemGroup>
    <Filter Include="Source Files">
      <UniqueIdentifier>{4FC737F1-C7A5-4376-A066-2A32D752A2FF}</UniqueIdentifier>
      <Extensions>cpp;c;cc;cxx;def;odl;idl;hpj;bat;asm;asmx</Extensions>
    </Filter>
    <Filter Include="Header Files">
      <UniqueIdentifier>{93995380-89BD-4b04-88EB-625FBE52EBFB}</UniqueIdentifier>
      <Extensions>h;hh;hpp;hxx;hm;inl;inc;xsd</Extensions>
    </Filter>
    <Filter Include="Resource Files">
      <UniqueIdentifier>{67DA6AB6-F800-4c08-8B7A-83BB121AAD01}</UniqueIdentifier>
      <Extensions>rc;ico;cur;bmp;dlg;rc2;rct;bin;rgs;gif;jpg;jpeg;jpe;resx;tiff;tif;png;wav;mfcribbon-ms</Extensions>
    </Filter>
  </ItemGroup>
  <ItemGroup>
    <ClInclude Include="stdafx.h">
      <Filter>Header Files</Filter>
    </ClInclude>
    <ClInclude Include="targetver.h">
      <Filter>Header Files</Filter>
    </ClInclude>
    <ClInclude Include="..\include\node.h">
      <Filter>Header Files</Filter>
    </ClInclude>
    <ClInclude Include="spincludes.h">
      <Filter>Header Files</Filter>
    </ClInclude>
    <ClInclude Include="..\..\..\include\membuffer.h">
      <Filter>Header Files</Filter>
    </ClInclude>
    <ClInclude Include="..\..\..\include\tablecache.h">
      <Filter>Header Files</Filter>
    </ClInclude>
    <ClInclude Include="njqueue.h">
      <Filter>Header Files</Filter>
    </ClInclude>
    <ClInclude Include="njobjects.h">
      <Filter>Header Files</Filter>
    </ClInclude>
    <ClInclude Include="..\..\..\include\aclientw.h">
      <Filter>Header Files</Filter>
    </ClInclude>
    <ClInclude Include="..\..\..\include\udb_client.h">
      <Filter>Header Files</Filter>
    </ClInclude>
    <ClInclude Include="..\..\..\include\generalcache.h">
      <Filter>Header Files</Filter>
    </ClInclude>
    <ClInclude Include="..\..\..\include\masterpool.h">
      <Filter>Header Files</Filter>
    </ClInclude>
    <ClInclude Include="..\..\..\include\rdbcache.h">
      <Filter>Header Files</Filter>
    </ClInclude>
    <ClInclude Include="njhandler.h">
      <Filter>Header Files</Filter>
    </ClInclude>
    <ClInclude Include="..\..\..\include\streamingfile.h">
      <Filter>Header Files</Filter>
    </ClInclude>
    <ClInclude Include="njfile.h">
      <Filter>Header Files</Filter>
    </ClInclude>
    <ClInclude Include="njhandlerroot.h">
      <Filter>Header Files</Filter>
    </ClInclude>
    <ClInclude Include="njasyncqueue.h">
      <Filter>Header Files</Filter>
    </ClInclude>
    <ClInclude Include="njsqlite.h">
      <Filter>Header Files</Filter>
    </ClInclude>
    <ClInclude Include="njsocket.h">
      <Filter>Header Files</Filter>
    </ClInclude>
    <ClInclude Include="sfile.h">
      <Filter>Header Files</Filter>
    </ClInclude>
    <ClInclude Include="aqueue.h">
      <Filter>Header Files</Filter>
    </ClInclude>
    <ClInclude Include="..\..\..\include\aqhandler.h">
      <Filter>Header Files</Filter>
    </ClInclude>
    <ClInclude Include="njclientqueue.h">
      <Filter>Header Files</Filter>
    </ClInclude>
    <ClInclude Include="njpush.h">
      <Filter>Header Files</Filter>
    </ClInclude>
    <ClInclude Include="njcert.h">
      <Filter>Header Files</Filter>
    </ClInclude>
    <ClInclude Include="dbreqcb.h">
      <Filter>Header Files</Filter>
    </ClInclude>
    <ClInclude Include="..\..\..\include\udatabase.h">
      <Filter>Header Files</Filter>
    </ClInclude>
    <ClInclude Include="njcache.h">
      <Filter>Header Files</Filter>
    </ClInclude>
    <ClInclude Include="njtable.h">
      <Filter>Header Files</Filter>
    </ClInclude>
  </ItemGroup>
  <ItemGroup>
    <ClCompile Include="stdafx.cpp">
      <Filter>Source Files</Filter>
    </ClCompile>
    <ClCompile Include="njadapter.cpp">
      <Filter>Source Files</Filter>
    </ClCompile>
    <ClCompile Include="..\..\..\include\membuffer.cpp">
      <Filter>Source Files</Filter>
    </ClCompile>
    <ClCompile Include="..\..\..\include\tablecache.cpp">
      <Filter>Source Files</Filter>
    </ClCompile>
    <ClCompile Include="..\..\..\include\aclientw.cpp">
      <Filter>Source Files</Filter>
    </ClCompile>
    <ClCompile Include="njobjects.cpp">
      <Filter>Source Files</Filter>
    </ClCompile>
    <ClCompile Include="njqueue.cpp">
      <Filter>Source Files</Filter>
    </ClCompile>
    <ClCompile Include="njhandler.cpp">
      <Filter>Source Files</Filter>
    </ClCompile>
    <ClCompile Include="njfile.cpp">
      <Filter>Source Files</Filter>
    </ClCompile>
    <ClCompile Include="njhandlerroot.cpp">
      <Filter>Source Files</Filter>
    </ClCompile>
    <ClCompile Include="njasyncqueue.cpp">
      <Filter>Source Files</Filter>
    </ClCompile>
    <ClCompile Include="njsqlite.cpp">
      <Filter>Source Files</Filter>
    </ClCompile>
    <ClCompile Include="njsocket.cpp">
      <Filter>Source Files</Filter>
    </ClCompile>
    <ClCompile Include="sfile.cpp">
      <Filter>Source Files</Filter>
    </ClCompile>
    <ClCompile Include="aqueue.cpp">
      <Filter>Source Files</Filter>
    </ClCompile>
    <ClCompile Include="njclientqueue.cpp">
      <Filter>Source Files</Filter>
    </ClCompile>
    <ClCompile Include="njpush.cpp">
      <Filter>Source Files</Filter>
    </ClCompile>
    <ClCompile Include="njcert.cpp">
      <Filter>Source Files</Filter>
    </ClCompile>
    <ClCompile Include="njcache.cpp">
      <Filter>Source Files</Filter>
    </ClCompile>
    <ClCompile Include="njtable.cpp">
      <Filter>Source Files</Filter>
    </ClCompile>
  </ItemGroup>
</Project>