
Microsoft Visual Studio Solution File, Format Version 11.00
# Visual Studio 2010
Project("{8BC9CEB8-8B4A-11D0-8D11-00A0C91BC942}") = "test_sodbc", "test_sodbc\test_sodbc.vcxproj", "{1AF1223B-16E5-4242-9781-4215BE6B6EB2}"
EndProject
Project("{8BC9CEB8-8B4A-11D0-8D11-00A0C91BC942}") = "sodbc", "sodbc\sodbc.vcxproj", "{A172B3E3-784D-4BB7-BDA3-5D932A62F70E}"
EndProject
Project("{8BC9CEB8-8B4A-11D0-8D11-00A0C91BC942}") = "test_codbc", "test_codbc\test_codbc.vcxproj", "{3D2D60DE-3762-4A9D-A82A-315D164263A6}"
EndProject
Global
	GlobalSection(SolutionConfigurationPlatforms) = preSolution
		Debug|Win32 = Debug|Win32
		Debug|x64 = Debug|x64
		Release|Win32 = Release|Win32
		Release|x64 = Release|x64
	EndGlobalSection
	GlobalSection(ProjectConfigurationPlatforms) = postSolution
		{1AF1223B-16E5-4242-9781-4215BE6B6EB2}.Debug|Win32.ActiveCfg = Debug|Win32
		{1AF1223B-16E5-4242-9781-4215BE6B6EB2}.Debug|Win32.Build.0 = Debug|Win32
		{1AF1223B-16E5-4242-9781-4215BE6B6EB2}.Debug|x64.ActiveCfg = Debug|x64
		{1AF1223B-16E5-4242-9781-4215BE6B6EB2}.Debug|x64.Build.0 = Debug|x64
		{1AF1223B-16E5-4242-9781-4215BE6B6EB2}.Release|Win32.ActiveCfg = Release|Win32
		{1AF1223B-16E5-4242-9781-4215BE6B6EB2}.Release|Win32.Build.0 = Release|Win32
		{1AF1223B-16E5-4242-9781-4215BE6B6EB2}.Release|x64.ActiveCfg = Release|Win32
		{A172B3E3-784D-4BB7-BDA3-5D932A62F70E}.Debug|Win32.ActiveCfg = Debug|Win32
		{A172B3E3-784D-4BB7-BDA3-5D932A62F70E}.Debug|Win32.Build.0 = Debug|Win32
		{A172B3E3-784D-4BB7-BDA3-5D932A62F70E}.Debug|x64.ActiveCfg = Debug|x64
		{A172B3E3-784D-4BB7-BDA3-5D932A62F70E}.Debug|x64.Build.0 = Debug|x64
		{A172B3E3-784D-4BB7-BDA3-5D932A62F70E}.Release|Win32.ActiveCfg = Release|Win32
		{A172B3E3-784D-4BB7-BDA3-5D932A62F70E}.Release|Win32.Build.0 = Release|Win32
		{A172B3E3-784D-4BB7-BDA3-5D932A62F70E}.Release|x64.ActiveCfg = Release|x64
		{A172B3E3-784D-4BB7-BDA3-5D932A62F70E}.Release|x64.Build.0 = Release|x64
		{3D2D60DE-3762-4A9D-A82A-315D164263A6}.Debug|Win32.ActiveCfg = Debug|Win32
		{3D2D60DE-3762-4A9D-A82A-315D164263A6}.Debug|Win32.Build.0 = Debug|Win32
		{3D2D60DE-3762-4A9D-A82A-315D164263A6}.Debug|x64.ActiveCfg = Debug|x64
		{3D2D60DE-3762-4A9D-A82A-315D164263A6}.Debug|x64.Build.0 = Debug|x64
		{3D2D60DE-3762-4A9D-A82A-315D164263A6}.Release|Win32.ActiveCfg = Release|Win32
		{3D2D60DE-3762-4A9D-A82A-315D164263A6}.Release|Win32.Build.0 = Release|Win32
		{3D2D60DE-3762-4A9D-A82A-315D164263A6}.Release|x64.ActiveCfg = Release|Win32
	EndGlobalSection
	GlobalSection(SolutionProperties) = preSolution
		HideSolutionNode = FALSE
	EndGlobalSection
EndGlobal
