
Microsoft Visual Studio Solution File, Format Version 12.00
# Visual Studio 15
VisualStudioVersion = 15.0.28307.1433
MinimumVisualStudioVersion = 10.0.40219.1
Project("{8BC9CEB8-8B4A-11D0-8D11-00A0C91BC942}") = "test_raw", "test_raw\test_raw.vcxproj", "{07315380-2AE0-4028-8EA9-456E011BC59E}"
	ProjectSection(ProjectDependencies) = postProject
		{D2C19D4E-60CA-4BAE-99EE-49736BBA7750} = {D2C19D4E-60CA-4BAE-99EE-49736BBA7750}
	EndProjectSection
EndProject
Project("{8BC9CEB8-8B4A-11D0-8D11-00A0C91BC942}") = "urawsocket", "urawsocket\urawsocket.vcxproj", "{D2C19D4E-60CA-4BAE-99EE-49736BBA7750}"
EndProject
Project("{8BC9CEB8-8B4A-11D0-8D11-00A0C91BC942}") = "sqltds", "sqltds\sqltds.vcxproj", "{F61DC90A-A97A-440C-8369-82E45A6E8940}"
	ProjectSection(ProjectDependencies) = postProject
		{D2C19D4E-60CA-4BAE-99EE-49736BBA7750} = {D2C19D4E-60CA-4BAE-99EE-49736BBA7750}
	EndProjectSection
EndProject
Global
	GlobalSection(SolutionConfigurationPlatforms) = preSolution
		Debug|x64 = Debug|x64
		Debug|x86 = Debug|x86
		Release|x64 = Release|x64
		Release|x86 = Release|x86
	EndGlobalSection
	GlobalSection(ProjectConfigurationPlatforms) = postSolution
		{07315380-2AE0-4028-8EA9-456E011BC59E}.Debug|x64.ActiveCfg = Debug|x64
		{07315380-2AE0-4028-8EA9-456E011BC59E}.Debug|x64.Build.0 = Debug|x64
		{07315380-2AE0-4028-8EA9-456E011BC59E}.Debug|x86.ActiveCfg = Debug|Win32
		{07315380-2AE0-4028-8EA9-456E011BC59E}.Debug|x86.Build.0 = Debug|Win32
		{07315380-2AE0-4028-8EA9-456E011BC59E}.Release|x64.ActiveCfg = Release|x64
		{07315380-2AE0-4028-8EA9-456E011BC59E}.Release|x64.Build.0 = Release|x64
		{07315380-2AE0-4028-8EA9-456E011BC59E}.Release|x86.ActiveCfg = Release|Win32
		{07315380-2AE0-4028-8EA9-456E011BC59E}.Release|x86.Build.0 = Release|Win32
		{D2C19D4E-60CA-4BAE-99EE-49736BBA7750}.Debug|x64.ActiveCfg = Debug|x64
		{D2C19D4E-60CA-4BAE-99EE-49736BBA7750}.Debug|x64.Build.0 = Debug|x64
		{D2C19D4E-60CA-4BAE-99EE-49736BBA7750}.Debug|x86.ActiveCfg = Debug|Win32
		{D2C19D4E-60CA-4BAE-99EE-49736BBA7750}.Debug|x86.Build.0 = Debug|Win32
		{D2C19D4E-60CA-4BAE-99EE-49736BBA7750}.Release|x64.ActiveCfg = Release|x64
		{D2C19D4E-60CA-4BAE-99EE-49736BBA7750}.Release|x64.Build.0 = Release|x64
		{D2C19D4E-60CA-4BAE-99EE-49736BBA7750}.Release|x86.ActiveCfg = Release|Win32
		{D2C19D4E-60CA-4BAE-99EE-49736BBA7750}.Release|x86.Build.0 = Release|Win32
		{F61DC90A-A97A-440C-8369-82E45A6E8940}.Debug|x64.ActiveCfg = Debug|x64
		{F61DC90A-A97A-440C-8369-82E45A6E8940}.Debug|x64.Build.0 = Debug|x64
		{F61DC90A-A97A-440C-8369-82E45A6E8940}.Debug|x86.ActiveCfg = Debug|Win32
		{F61DC90A-A97A-440C-8369-82E45A6E8940}.Debug|x86.Build.0 = Debug|Win32
		{F61DC90A-A97A-440C-8369-82E45A6E8940}.Release|x64.ActiveCfg = Release|x64
		{F61DC90A-A97A-440C-8369-82E45A6E8940}.Release|x64.Build.0 = Release|x64
		{F61DC90A-A97A-440C-8369-82E45A6E8940}.Release|x86.ActiveCfg = Release|Win32
		{F61DC90A-A97A-440C-8369-82E45A6E8940}.Release|x86.Build.0 = Release|Win32
	EndGlobalSection
	GlobalSection(SolutionProperties) = preSolution
		HideSolutionNode = FALSE
	EndGlobalSection
	GlobalSection(ExtensibilityGlobals) = postSolution
		SolutionGuid = {73334EEB-9466-45FB-A5A8-B445ADDE2F0C}
	EndGlobalSection
EndGlobal
