
Microsoft Visual Studio Solution File, Format Version 12.00
# Visual Studio 15
VisualStudioVersion = 15.0.28307.572
MinimumVisualStudioVersion = 10.0.40219.1
Project("{8BC9CEB8-8B4A-11D0-8D11-00A0C91BC942}") = "uzip", "uzip\uzip.vcxproj", "{7DF86DEC-F5D6-4A63-8E75-62415D2CC8B2}"
EndProject
Project("{8BC9CEB8-8B4A-11D0-8D11-00A0C91BC942}") = "usocket", "usocket_win\usocket.vcxproj", "{FDFA728A-F33C-4B23-962F-34090581794D}"
	ProjectSection(ProjectDependencies) = postProject
		{7DF86DEC-F5D6-4A63-8E75-62415D2CC8B2} = {7DF86DEC-F5D6-4A63-8E75-62415D2CC8B2}
	EndProjectSection
EndProject
Project("{8BC9CEB8-8B4A-11D0-8D11-00A0C91BC942}") = "uservercore", "uservercore_win\uservercore.vcxproj", "{AE7E37C7-5638-4395-848C-AB92F8850D43}"
	ProjectSection(ProjectDependencies) = postProject
		{7DF86DEC-F5D6-4A63-8E75-62415D2CC8B2} = {7DF86DEC-F5D6-4A63-8E75-62415D2CC8B2}
	EndProjectSection
EndProject
Project("{8BC9CEB8-8B4A-11D0-8D11-00A0C91BC942}") = "test_client", "test_client\test_client.vcxproj", "{7A14323D-9173-4570-9952-D828AF9EF2BA}"
EndProject
Project("{FAE04EC0-301F-11D3-BF4B-00C04F79EFBC}") = "SocketProAdapter2017", "adapters\SproAdapter\SocketProAdapter2017.csproj", "{3103D317-4893-4F9B-823D-90F6DB71569A}"
EndProject
Global
	GlobalSection(SolutionConfigurationPlatforms) = preSolution
		Debug|Any CPU = Debug|Any CPU
		Debug|x64 = Debug|x64
		Debug|x86 = Debug|x86
		Release|Any CPU = Release|Any CPU
		Release|x64 = Release|x64
		Release|x86 = Release|x86
	EndGlobalSection
	GlobalSection(ProjectConfigurationPlatforms) = postSolution
		{7DF86DEC-F5D6-4A63-8E75-62415D2CC8B2}.Debug|Any CPU.ActiveCfg = Debug|Win32
		{7DF86DEC-F5D6-4A63-8E75-62415D2CC8B2}.Debug|x64.ActiveCfg = Debug|x64
		{7DF86DEC-F5D6-4A63-8E75-62415D2CC8B2}.Debug|x64.Build.0 = Debug|x64
		{7DF86DEC-F5D6-4A63-8E75-62415D2CC8B2}.Debug|x86.ActiveCfg = Debug|Win32
		{7DF86DEC-F5D6-4A63-8E75-62415D2CC8B2}.Debug|x86.Build.0 = Debug|Win32
		{7DF86DEC-F5D6-4A63-8E75-62415D2CC8B2}.Release|Any CPU.ActiveCfg = Release|Win32
		{7DF86DEC-F5D6-4A63-8E75-62415D2CC8B2}.Release|x64.ActiveCfg = Release|x64
		{7DF86DEC-F5D6-4A63-8E75-62415D2CC8B2}.Release|x64.Build.0 = Release|x64
		{7DF86DEC-F5D6-4A63-8E75-62415D2CC8B2}.Release|x86.ActiveCfg = Release|Win32
		{7DF86DEC-F5D6-4A63-8E75-62415D2CC8B2}.Release|x86.Build.0 = Release|Win32
		{FDFA728A-F33C-4B23-962F-34090581794D}.Debug|Any CPU.ActiveCfg = Debug|Win32
		{FDFA728A-F33C-4B23-962F-34090581794D}.Debug|x64.ActiveCfg = Debug|x64
		{FDFA728A-F33C-4B23-962F-34090581794D}.Debug|x64.Build.0 = Debug|x64
		{FDFA728A-F33C-4B23-962F-34090581794D}.Debug|x86.ActiveCfg = Debug|Win32
		{FDFA728A-F33C-4B23-962F-34090581794D}.Debug|x86.Build.0 = Debug|Win32
		{FDFA728A-F33C-4B23-962F-34090581794D}.Release|Any CPU.ActiveCfg = Release|Win32
		{FDFA728A-F33C-4B23-962F-34090581794D}.Release|x64.ActiveCfg = Release|x64
		{FDFA728A-F33C-4B23-962F-34090581794D}.Release|x64.Build.0 = Release|x64
		{FDFA728A-F33C-4B23-962F-34090581794D}.Release|x86.ActiveCfg = Release|Win32
		{FDFA728A-F33C-4B23-962F-34090581794D}.Release|x86.Build.0 = Release|Win32
		{AE7E37C7-5638-4395-848C-AB92F8850D43}.Debug|Any CPU.ActiveCfg = Debug|Win32
		{AE7E37C7-5638-4395-848C-AB92F8850D43}.Debug|x64.ActiveCfg = Debug|x64
		{AE7E37C7-5638-4395-848C-AB92F8850D43}.Debug|x64.Build.0 = Debug|x64
		{AE7E37C7-5638-4395-848C-AB92F8850D43}.Debug|x86.ActiveCfg = Debug|Win32
		{AE7E37C7-5638-4395-848C-AB92F8850D43}.Debug|x86.Build.0 = Debug|Win32
		{AE7E37C7-5638-4395-848C-AB92F8850D43}.Release|Any CPU.ActiveCfg = Release|Win32
		{AE7E37C7-5638-4395-848C-AB92F8850D43}.Release|x64.ActiveCfg = Release|x64
		{AE7E37C7-5638-4395-848C-AB92F8850D43}.Release|x64.Build.0 = Release|x64
		{AE7E37C7-5638-4395-848C-AB92F8850D43}.Release|x86.ActiveCfg = Release|Win32
		{AE7E37C7-5638-4395-848C-AB92F8850D43}.Release|x86.Build.0 = Release|Win32
		{7A14323D-9173-4570-9952-D828AF9EF2BA}.Debug|Any CPU.ActiveCfg = Debug|Win32
		{7A14323D-9173-4570-9952-D828AF9EF2BA}.Debug|x64.ActiveCfg = Debug|x64
		{7A14323D-9173-4570-9952-D828AF9EF2BA}.Debug|x64.Build.0 = Debug|x64
		{7A14323D-9173-4570-9952-D828AF9EF2BA}.Debug|x86.ActiveCfg = Debug|Win32
		{7A14323D-9173-4570-9952-D828AF9EF2BA}.Debug|x86.Build.0 = Debug|Win32
		{7A14323D-9173-4570-9952-D828AF9EF2BA}.Release|Any CPU.ActiveCfg = Release|Win32
		{7A14323D-9173-4570-9952-D828AF9EF2BA}.Release|x64.ActiveCfg = Release|x64
		{7A14323D-9173-4570-9952-D828AF9EF2BA}.Release|x64.Build.0 = Release|x64
		{7A14323D-9173-4570-9952-D828AF9EF2BA}.Release|x86.ActiveCfg = Release|Win32
		{7A14323D-9173-4570-9952-D828AF9EF2BA}.Release|x86.Build.0 = Release|Win32
		{3103D317-4893-4F9B-823D-90F6DB71569A}.Debug|Any CPU.ActiveCfg = Debug|Any CPU
		{3103D317-4893-4F9B-823D-90F6DB71569A}.Debug|Any CPU.Build.0 = Debug|Any CPU
		{3103D317-4893-4F9B-823D-90F6DB71569A}.Debug|x64.ActiveCfg = Debug|Any CPU
		{3103D317-4893-4F9B-823D-90F6DB71569A}.Debug|x64.Build.0 = Debug|Any CPU
		{3103D317-4893-4F9B-823D-90F6DB71569A}.Debug|x86.ActiveCfg = Debug|Any CPU
		{3103D317-4893-4F9B-823D-90F6DB71569A}.Debug|x86.Build.0 = Debug|Any CPU
		{3103D317-4893-4F9B-823D-90F6DB71569A}.Release|Any CPU.ActiveCfg = Release|Any CPU
		{3103D317-4893-4F9B-823D-90F6DB71569A}.Release|Any CPU.Build.0 = Release|Any CPU
		{3103D317-4893-4F9B-823D-90F6DB71569A}.Release|x64.ActiveCfg = Release|Any CPU
		{3103D317-4893-4F9B-823D-90F6DB71569A}.Release|x64.Build.0 = Release|Any CPU
		{3103D317-4893-4F9B-823D-90F6DB71569A}.Release|x86.ActiveCfg = Release|Any CPU
		{3103D317-4893-4F9B-823D-90F6DB71569A}.Release|x86.Build.0 = Release|Any CPU
	EndGlobalSection
	GlobalSection(SolutionProperties) = preSolution
		HideSolutionNode = FALSE
	EndGlobalSection
	GlobalSection(ExtensibilityGlobals) = postSolution
		SolutionGuid = {6FA04953-6248-4EBE-985A-B4FC62CCE5F0}
	EndGlobalSection
EndGlobal
