
Microsoft Visual Studio Solution File, Format Version 12.00
# Visual Studio 14
VisualStudioVersion = 14.0.23107.0
MinimumVisualStudioVersion = 10.0.40219.1
Project("{8BC9CEB8-8B4A-11D0-8D11-00A0C91BC942}") = "crypto", "..\android_crypto\crypto.vcxproj", "{45AE7503-CFE6-4B4B-905F-50E629C5FB5D}"
EndProject
Project("{8BC9CEB8-8B4A-11D0-8D11-00A0C91BC942}") = "usocket", "usocket.vcxproj", "{600F48E0-91A8-4D53-A5AA-009B0B91B0DB}"
	ProjectSection(ProjectDependencies) = postProject
		{707EBA01-09A8-4994-A5A3-E3CA073A6374} = {707EBA01-09A8-4994-A5A3-E3CA073A6374}
		{45AE7503-CFE6-4B4B-905F-50E629C5FB5D} = {45AE7503-CFE6-4B4B-905F-50E629C5FB5D}
	EndProjectSection
EndProject
Project("{8BC9CEB8-8B4A-11D0-8D11-00A0C91BC942}") = "auzip", "..\..\apps\uzip\auzip.vcxproj", "{707EBA01-09A8-4994-A5A3-E3CA073A6374}"
EndProject
Project("{8BC9CEB8-8B4A-11D0-8D11-00A0C91BC942}") = "juclient", "..\android_juclient\juclient.vcxproj", "{51F61911-A28B-4145-A33D-C5498D19FC98}"
	ProjectSection(ProjectDependencies) = postProject
		{707EBA01-09A8-4994-A5A3-E3CA073A6374} = {707EBA01-09A8-4994-A5A3-E3CA073A6374}
		{45AE7503-CFE6-4B4B-905F-50E629C5FB5D} = {45AE7503-CFE6-4B4B-905F-50E629C5FB5D}
		{BF8DAFC1-D49C-49C5-A09F-11D5B6BD5CA4} = {BF8DAFC1-D49C-49C5-A09F-11D5B6BD5CA4}
	EndProjectSection
EndProject
Project("{2150E333-8FDC-42A3-9474-1A3956D46DE8}") = "android_native_test", "android_native_test", "{C0FE0364-3680-41D8-8F4D-0533DF886AEC}"
EndProject
Project("{39E2626F-3545-4960-A6E8-258AD8476CE5}") = "android_native_test.Packaging", "..\android_native_test\android_native_test.Packaging\android_native_test.Packaging.androidproj", "{54CB1272-02A7-48FF-B7D6-6BFABE305D9A}"
EndProject
Project("{8BC9CEB8-8B4A-11D0-8D11-00A0C91BC942}") = "android_native_test.NativeActivity", "..\android_native_test\android_native_test.NativeActivity\android_native_test.NativeActivity.vcxproj", "{7F5F478F-EFDA-490E-91FB-AC22CD281580}"
	ProjectSection(ProjectDependencies) = postProject
		{707EBA01-09A8-4994-A5A3-E3CA073A6374} = {707EBA01-09A8-4994-A5A3-E3CA073A6374}
		{45AE7503-CFE6-4B4B-905F-50E629C5FB5D} = {45AE7503-CFE6-4B4B-905F-50E629C5FB5D}
		{BF8DAFC1-D49C-49C5-A09F-11D5B6BD5CA4} = {BF8DAFC1-D49C-49C5-A09F-11D5B6BD5CA4}
	EndProjectSection
EndProject
Project("{8BC9CEB8-8B4A-11D0-8D11-00A0C91BC942}") = "ausocket", "..\ausocket\ausocket.vcxproj", "{BF8DAFC1-D49C-49C5-A09F-11D5B6BD5CA4}"
	ProjectSection(ProjectDependencies) = postProject
		{707EBA01-09A8-4994-A5A3-E3CA073A6374} = {707EBA01-09A8-4994-A5A3-E3CA073A6374}
		{45AE7503-CFE6-4B4B-905F-50E629C5FB5D} = {45AE7503-CFE6-4B4B-905F-50E629C5FB5D}
	EndProjectSection
EndProject
Global
	GlobalSection(SolutionConfigurationPlatforms) = preSolution
		Debug|ARM = Debug|ARM
		Debug|x86 = Debug|x86
		Release|ARM = Release|ARM
		Release|x86 = Release|x86
	EndGlobalSection
	GlobalSection(ProjectConfigurationPlatforms) = postSolution
		{45AE7503-CFE6-4B4B-905F-50E629C5FB5D}.Debug|ARM.ActiveCfg = Debug|ARM
		{45AE7503-CFE6-4B4B-905F-50E629C5FB5D}.Debug|ARM.Build.0 = Debug|ARM
		{45AE7503-CFE6-4B4B-905F-50E629C5FB5D}.Debug|x86.ActiveCfg = Debug|x86
		{45AE7503-CFE6-4B4B-905F-50E629C5FB5D}.Debug|x86.Build.0 = Debug|x86
		{45AE7503-CFE6-4B4B-905F-50E629C5FB5D}.Release|ARM.ActiveCfg = Release|ARM
		{45AE7503-CFE6-4B4B-905F-50E629C5FB5D}.Release|ARM.Build.0 = Release|ARM
		{45AE7503-CFE6-4B4B-905F-50E629C5FB5D}.Release|x86.ActiveCfg = Release|x86
		{45AE7503-CFE6-4B4B-905F-50E629C5FB5D}.Release|x86.Build.0 = Release|x86
		{600F48E0-91A8-4D53-A5AA-009B0B91B0DB}.Debug|ARM.ActiveCfg = Debug|ARM
		{600F48E0-91A8-4D53-A5AA-009B0B91B0DB}.Debug|ARM.Build.0 = Debug|ARM
		{600F48E0-91A8-4D53-A5AA-009B0B91B0DB}.Debug|x86.ActiveCfg = Debug|x86
		{600F48E0-91A8-4D53-A5AA-009B0B91B0DB}.Debug|x86.Build.0 = Debug|x86
		{600F48E0-91A8-4D53-A5AA-009B0B91B0DB}.Release|ARM.ActiveCfg = Release|ARM
		{600F48E0-91A8-4D53-A5AA-009B0B91B0DB}.Release|ARM.Build.0 = Release|ARM
		{600F48E0-91A8-4D53-A5AA-009B0B91B0DB}.Release|x86.ActiveCfg = Release|x86
		{600F48E0-91A8-4D53-A5AA-009B0B91B0DB}.Release|x86.Build.0 = Release|x86
		{707EBA01-09A8-4994-A5A3-E3CA073A6374}.Debug|ARM.ActiveCfg = Debug|ARM
		{707EBA01-09A8-4994-A5A3-E3CA073A6374}.Debug|ARM.Build.0 = Debug|ARM
		{707EBA01-09A8-4994-A5A3-E3CA073A6374}.Debug|x86.ActiveCfg = Debug|x86
		{707EBA01-09A8-4994-A5A3-E3CA073A6374}.Debug|x86.Build.0 = Debug|x86
		{707EBA01-09A8-4994-A5A3-E3CA073A6374}.Release|ARM.ActiveCfg = Release|ARM
		{707EBA01-09A8-4994-A5A3-E3CA073A6374}.Release|ARM.Build.0 = Release|ARM
		{707EBA01-09A8-4994-A5A3-E3CA073A6374}.Release|x86.ActiveCfg = Release|x86
		{707EBA01-09A8-4994-A5A3-E3CA073A6374}.Release|x86.Build.0 = Release|x86
		{51F61911-A28B-4145-A33D-C5498D19FC98}.Debug|ARM.ActiveCfg = Debug|ARM
		{51F61911-A28B-4145-A33D-C5498D19FC98}.Debug|ARM.Build.0 = Debug|ARM
		{51F61911-A28B-4145-A33D-C5498D19FC98}.Debug|x86.ActiveCfg = Debug|x86
		{51F61911-A28B-4145-A33D-C5498D19FC98}.Debug|x86.Build.0 = Debug|x86
		{51F61911-A28B-4145-A33D-C5498D19FC98}.Release|ARM.ActiveCfg = Release|ARM
		{51F61911-A28B-4145-A33D-C5498D19FC98}.Release|ARM.Build.0 = Release|ARM
		{51F61911-A28B-4145-A33D-C5498D19FC98}.Release|x86.ActiveCfg = Release|x86
		{51F61911-A28B-4145-A33D-C5498D19FC98}.Release|x86.Build.0 = Release|x86
		{54CB1272-02A7-48FF-B7D6-6BFABE305D9A}.Debug|ARM.ActiveCfg = Debug|ARM
		{54CB1272-02A7-48FF-B7D6-6BFABE305D9A}.Debug|ARM.Build.0 = Debug|ARM
		{54CB1272-02A7-48FF-B7D6-6BFABE305D9A}.Debug|ARM.Deploy.0 = Debug|ARM
		{54CB1272-02A7-48FF-B7D6-6BFABE305D9A}.Debug|x86.ActiveCfg = Debug|x86
		{54CB1272-02A7-48FF-B7D6-6BFABE305D9A}.Debug|x86.Build.0 = Debug|x86
		{54CB1272-02A7-48FF-B7D6-6BFABE305D9A}.Debug|x86.Deploy.0 = Debug|x86
		{54CB1272-02A7-48FF-B7D6-6BFABE305D9A}.Release|ARM.ActiveCfg = Release|ARM
		{54CB1272-02A7-48FF-B7D6-6BFABE305D9A}.Release|ARM.Build.0 = Release|ARM
		{54CB1272-02A7-48FF-B7D6-6BFABE305D9A}.Release|ARM.Deploy.0 = Release|ARM
		{54CB1272-02A7-48FF-B7D6-6BFABE305D9A}.Release|x86.ActiveCfg = Release|x86
		{54CB1272-02A7-48FF-B7D6-6BFABE305D9A}.Release|x86.Build.0 = Release|x86
		{54CB1272-02A7-48FF-B7D6-6BFABE305D9A}.Release|x86.Deploy.0 = Release|x86
		{7F5F478F-EFDA-490E-91FB-AC22CD281580}.Debug|ARM.ActiveCfg = Debug|ARM
		{7F5F478F-EFDA-490E-91FB-AC22CD281580}.Debug|ARM.Build.0 = Debug|ARM
		{7F5F478F-EFDA-490E-91FB-AC22CD281580}.Debug|x86.ActiveCfg = Debug|x86
		{7F5F478F-EFDA-490E-91FB-AC22CD281580}.Debug|x86.Build.0 = Debug|x86
		{7F5F478F-EFDA-490E-91FB-AC22CD281580}.Release|ARM.ActiveCfg = Release|ARM
		{7F5F478F-EFDA-490E-91FB-AC22CD281580}.Release|ARM.Build.0 = Release|ARM
		{7F5F478F-EFDA-490E-91FB-AC22CD281580}.Release|x86.ActiveCfg = Release|x86
		{7F5F478F-EFDA-490E-91FB-AC22CD281580}.Release|x86.Build.0 = Release|x86
		{BF8DAFC1-D49C-49C5-A09F-11D5B6BD5CA4}.Debug|ARM.ActiveCfg = Debug|ARM
		{BF8DAFC1-D49C-49C5-A09F-11D5B6BD5CA4}.Debug|ARM.Build.0 = Debug|ARM
		{BF8DAFC1-D49C-49C5-A09F-11D5B6BD5CA4}.Debug|x86.ActiveCfg = Debug|x86
		{BF8DAFC1-D49C-49C5-A09F-11D5B6BD5CA4}.Debug|x86.Build.0 = Debug|x86
		{BF8DAFC1-D49C-49C5-A09F-11D5B6BD5CA4}.Release|ARM.ActiveCfg = Release|ARM
		{BF8DAFC1-D49C-49C5-A09F-11D5B6BD5CA4}.Release|ARM.Build.0 = Release|ARM
		{BF8DAFC1-D49C-49C5-A09F-11D5B6BD5CA4}.Release|x86.ActiveCfg = Release|x86
		{BF8DAFC1-D49C-49C5-A09F-11D5B6BD5CA4}.Release|x86.Build.0 = Release|x86
	EndGlobalSection
	GlobalSection(SolutionProperties) = preSolution
		HideSolutionNode = FALSE
	EndGlobalSection
	GlobalSection(NestedProjects) = preSolution
		{54CB1272-02A7-48FF-B7D6-6BFABE305D9A} = {C0FE0364-3680-41D8-8F4D-0533DF886AEC}
		{7F5F478F-EFDA-490E-91FB-AC22CD281580} = {C0FE0364-3680-41D8-8F4D-0533DF886AEC}
	EndGlobalSection
EndGlobal
