<?xml version="1.0" encoding="utf-8"?>
<Project ToolsVersion="4.0" xmlns="http://schemas.microsoft.com/developer/msbuild/2003">
  <ItemGroup>
    <Filter Include="Source Files">
      <UniqueIdentifier>{4FC737F1-C7A5-4376-A066-2A32D752A2FF}</UniqueIdentifier>
      <Extensions>cpp;c;cc;cxx;def;odl;idl;hpj;bat;asm;asmx</Extensions>
    </Filter>
    <Filter Include="Header Files">
      <UniqueIdentifier>{93995380-89BD-4b04-88EB-625FBE52EBFB}</UniqueIdentifier>
      <Extensions>h;hh;hpp;hxx;hm;inl;inc;ipp;xsd</Extensions>
    </Filter>
    <Filter Include="Resource Files">
      <UniqueIdentifier>{67DA6AB6-F800-4c08-8B7A-83BB121AAD01}</UniqueIdentifier>
      <Extensions>rc;ico;cur;bmp;dlg;rc2;rct;bin;rgs;gif;jpg;jpeg;jpe;resx;tiff;tif;png;wav;mfcribbon-ms</Extensions>
    </Filter>
  </ItemGroup>
  <ItemGroup>
    <ClInclude Include="stdafx.h">
      <Filter>Header Files</Filter>
    </ClInclude>
    <ClInclude Include="targetver.h">
      <Filter>Header Files</Filter>
    </ClInclude>
    <ClInclude Include="..\include\membuffer.h">
      <Filter>Header Files</Filter>
    </ClInclude>
    <ClInclude Include="..\core_shared\pinc\base64.h">
      <Filter>Header Files</Filter>
    </ClInclude>
    <ClInclude Include="..\core_shared\shared\certificateimpl.h">
      <Filter>Header Files</Filter>
    </ClInclude>
    <ClInclude Include="..\core_shared\shared\includes.h">
      <Filter>Header Files</Filter>
    </ClInclude>
    <ClInclude Include="..\core_shared\shared\uthread.h">
      <Filter>Header Files</Filter>
    </ClInclude>
    <ClInclude Include="resource1.h">
      <Filter>Header Files</Filter>
    </ClInclude>
    <ClInclude Include="..\clientcore\clientglobal.h">
      <Filter>Header Files</Filter>
    </ClInclude>
    <ClInclude Include="..\clientcore\socketpool.h">
      <Filter>Header Files</Filter>
    </ClInclude>
    <ClInclude Include="clientsession.h">
      <Filter>Header Files</Filter>
    </ClInclude>
    <ClInclude Include="..\clientcore\clientthread.h">
      <Filter>Header Files</Filter>
    </ClInclude>
    <ClInclude Include="..\core_shared\shared\schannel.h">
      <Filter>Header Files</Filter>
    </ClInclude>
  </ItemGroup>
  <ItemGroup>
    <ClCompile Include="stdafx.cpp">
      <Filter>Source Files</Filter>
    </ClCompile>
    <ClCompile Include="dllmain.cpp">
      <Filter>Source Files</Filter>
    </ClCompile>
    <ClCompile Include="..\include\membuffer.cpp">
      <Filter>Source Files</Filter>
    </ClCompile>
    <ClCompile Include="..\core_shared\pinc\base64.cpp">
      <Filter>Source Files</Filter>
    </ClCompile>
    <ClCompile Include="..\core_shared\shared\certificateimpl.cpp">
      <Filter>Source Files</Filter>
    </ClCompile>
    <ClCompile Include="..\core_shared\shared\includes.cpp">
      <Filter>Source Files</Filter>
    </ClCompile>
    <ClCompile Include="..\core_shared\shared\uthread.cpp">
      <Filter>Source Files</Filter>
    </ClCompile>
    <ClCompile Include="clientsession.cpp">
      <Filter>Source Files</Filter>
    </ClCompile>
    <ClCompile Include="..\clientcore\clientglobal.cpp">
      <Filter>Source Files</Filter>
    </ClCompile>
    <ClCompile Include="..\clientcore\socketpool.cpp">
      <Filter>Source Files</Filter>
    </ClCompile>
    <ClCompile Include="..\clientcore\clientthread.cpp">
      <Filter>Source Files</Filter>
    </ClCompile>
    <ClCompile Include="..\clientcore\csocketimpl.cpp">
      <Filter>Source Files</Filter>
    </ClCompile>
    <ClCompile Include="..\core_shared\shared\schannel.cpp">
      <Filter>Source Files</Filter>
    </ClCompile>
  </ItemGroup>
  <ItemGroup>
    <None Include="clientcore.def">
      <Filter>Source Files</Filter>
    </None>
  </ItemGroup>
  <ItemGroup>
    <ResourceCompile Include="usocket.rc">
      <Filter>Resource Files</Filter>
    </ResourceCompile>
  </ItemGroup>
</Project>