
Microsoft Visual Studio Solution File, Format Version 10.00
# Visual Studio 2008
Project("{8BC9CEB8-8B4A-11D0-8D11-00A0C91BC942}") = "wcecompat", "wcecompat\wcecompat.vcproj", "{E0297728-8C89-48E6-9B33-C779ACF5002B}"
EndProject
Project("{8BC9CEB8-8B4A-11D0-8D11-00A0C91BC942}") = "usocketce", "usocketce\usocketce.vcproj", "{18C47341-D14F-4513-A26D-0CC014CA9B85}"
	ProjectSection(ProjectDependencies) = postProject
		{807A3302-A479-48D4-A477-AE8FE7E72D75} = {807A3302-A479-48D4-A477-AE8FE7E72D75}
		{E0297728-8C89-48E6-9B33-C779ACF5002B} = {E0297728-8C89-48E6-9B33-C779ACF5002B}
		{09AA2A68-5B3D-4BF9-8477-278255054E1D} = {09AA2A68-5B3D-4BF9-8477-278255054E1D}
	EndProjectSection
EndProject
Project("{8BC9CEB8-8B4A-11D0-8D11-00A0C91BC942}") = "stlport", "stlport\stlport.vcproj", "{09AA2A68-5B3D-4BF9-8477-278255054E1D}"
EndProject
Project("{8BC9CEB8-8B4A-11D0-8D11-00A0C91BC942}") = "uzipce", "uzipce\uzipce.vcproj", "{807A3302-A479-48D4-A477-AE8FE7E72D75}"
	ProjectSection(ProjectDependencies) = postProject
		{09AA2A68-5B3D-4BF9-8477-278255054E1D} = {09AA2A68-5B3D-4BF9-8477-278255054E1D}
	EndProjectSection
EndProject
Project("{8BC9CEB8-8B4A-11D0-8D11-00A0C91BC942}") = "ceclient", "ceclient\ceclient.vcproj", "{DC2FABF7-120A-4289-A3A6-0DD4736B031B}"
EndProject
Global
	GlobalSection(SolutionConfigurationPlatforms) = preSolution
		Debug|Any CPU = Debug|Any CPU
		Debug|Mixed Platforms = Debug|Mixed Platforms
		Debug|Pocket PC 2003 (ARMV4) = Debug|Pocket PC 2003 (ARMV4)
		Debug|STANDARDSDK_500 (ARMV4I) = Debug|STANDARDSDK_500 (ARMV4I)
		Debug|STANDARDSDK_500 (MIPSII) = Debug|STANDARDSDK_500 (MIPSII)
		Debug|STANDARDSDK_500 (MIPSII_FP) = Debug|STANDARDSDK_500 (MIPSII_FP)
		Debug|STANDARDSDK_500 (MIPSIV) = Debug|STANDARDSDK_500 (MIPSIV)
		Debug|STANDARDSDK_500 (MIPSIV_FP) = Debug|STANDARDSDK_500 (MIPSIV_FP)
		Debug|STANDARDSDK_500 (SH4) = Debug|STANDARDSDK_500 (SH4)
		Debug|STANDARDSDK_500 (x86) = Debug|STANDARDSDK_500 (x86)
		Release|Any CPU = Release|Any CPU
		Release|Mixed Platforms = Release|Mixed Platforms
		Release|Pocket PC 2003 (ARMV4) = Release|Pocket PC 2003 (ARMV4)
		Release|STANDARDSDK_500 (ARMV4I) = Release|STANDARDSDK_500 (ARMV4I)
		Release|STANDARDSDK_500 (MIPSII) = Release|STANDARDSDK_500 (MIPSII)
		Release|STANDARDSDK_500 (MIPSII_FP) = Release|STANDARDSDK_500 (MIPSII_FP)
		Release|STANDARDSDK_500 (MIPSIV) = Release|STANDARDSDK_500 (MIPSIV)
		Release|STANDARDSDK_500 (MIPSIV_FP) = Release|STANDARDSDK_500 (MIPSIV_FP)
		Release|STANDARDSDK_500 (SH4) = Release|STANDARDSDK_500 (SH4)
		Release|STANDARDSDK_500 (x86) = Release|STANDARDSDK_500 (x86)
	EndGlobalSection
	GlobalSection(ProjectConfigurationPlatforms) = postSolution
		{E0297728-8C89-48E6-9B33-C779ACF5002B}.Debug|Any CPU.ActiveCfg = Debug|STANDARDSDK_500 (MIPSIV_FP)
		{E0297728-8C89-48E6-9B33-C779ACF5002B}.Debug|Mixed Platforms.ActiveCfg = Debug|STANDARDSDK_500 (MIPSIV_FP)
		{E0297728-8C89-48E6-9B33-C779ACF5002B}.Debug|Mixed Platforms.Build.0 = Debug|STANDARDSDK_500 (MIPSIV_FP)
		{E0297728-8C89-48E6-9B33-C779ACF5002B}.Debug|Mixed Platforms.Deploy.0 = Debug|STANDARDSDK_500 (MIPSIV_FP)
		{E0297728-8C89-48E6-9B33-C779ACF5002B}.Debug|Pocket PC 2003 (ARMV4).ActiveCfg = Debug|Pocket PC 2003 (ARMV4)
		{E0297728-8C89-48E6-9B33-C779ACF5002B}.Debug|Pocket PC 2003 (ARMV4).Build.0 = Debug|Pocket PC 2003 (ARMV4)
		{E0297728-8C89-48E6-9B33-C779ACF5002B}.Debug|Pocket PC 2003 (ARMV4).Deploy.0 = Debug|Pocket PC 2003 (ARMV4)
		{E0297728-8C89-48E6-9B33-C779ACF5002B}.Debug|STANDARDSDK_500 (ARMV4I).ActiveCfg = Debug|STANDARDSDK_500 (ARMV4I)
		{E0297728-8C89-48E6-9B33-C779ACF5002B}.Debug|STANDARDSDK_500 (ARMV4I).Build.0 = Debug|STANDARDSDK_500 (ARMV4I)
		{E0297728-8C89-48E6-9B33-C779ACF5002B}.Debug|STANDARDSDK_500 (ARMV4I).Deploy.0 = Debug|STANDARDSDK_500 (ARMV4I)
		{E0297728-8C89-48E6-9B33-C779ACF5002B}.Debug|STANDARDSDK_500 (MIPSII).ActiveCfg = Debug|STANDARDSDK_500 (MIPSII)
		{E0297728-8C89-48E6-9B33-C779ACF5002B}.Debug|STANDARDSDK_500 (MIPSII).Build.0 = Debug|STANDARDSDK_500 (MIPSII)
		{E0297728-8C89-48E6-9B33-C779ACF5002B}.Debug|STANDARDSDK_500 (MIPSII).Deploy.0 = Debug|STANDARDSDK_500 (MIPSII)
		{E0297728-8C89-48E6-9B33-C779ACF5002B}.Debug|STANDARDSDK_500 (MIPSII_FP).ActiveCfg = Debug|STANDARDSDK_500 (MIPSII_FP)
		{E0297728-8C89-48E6-9B33-C779ACF5002B}.Debug|STANDARDSDK_500 (MIPSII_FP).Build.0 = Debug|STANDARDSDK_500 (MIPSII_FP)
		{E0297728-8C89-48E6-9B33-C779ACF5002B}.Debug|STANDARDSDK_500 (MIPSII_FP).Deploy.0 = Debug|STANDARDSDK_500 (MIPSII_FP)
		{E0297728-8C89-48E6-9B33-C779ACF5002B}.Debug|STANDARDSDK_500 (MIPSIV).ActiveCfg = Debug|STANDARDSDK_500 (MIPSIV)
		{E0297728-8C89-48E6-9B33-C779ACF5002B}.Debug|STANDARDSDK_500 (MIPSIV).Build.0 = Debug|STANDARDSDK_500 (MIPSIV)
		{E0297728-8C89-48E6-9B33-C779ACF5002B}.Debug|STANDARDSDK_500 (MIPSIV).Deploy.0 = Debug|STANDARDSDK_500 (MIPSIV)
		{E0297728-8C89-48E6-9B33-C779ACF5002B}.Debug|STANDARDSDK_500 (MIPSIV_FP).ActiveCfg = Debug|STANDARDSDK_500 (MIPSIV_FP)
		{E0297728-8C89-48E6-9B33-C779ACF5002B}.Debug|STANDARDSDK_500 (MIPSIV_FP).Build.0 = Debug|STANDARDSDK_500 (MIPSIV_FP)
		{E0297728-8C89-48E6-9B33-C779ACF5002B}.Debug|STANDARDSDK_500 (MIPSIV_FP).Deploy.0 = Debug|STANDARDSDK_500 (MIPSIV_FP)
		{E0297728-8C89-48E6-9B33-C779ACF5002B}.Debug|STANDARDSDK_500 (SH4).ActiveCfg = Debug|STANDARDSDK_500 (SH4)
		{E0297728-8C89-48E6-9B33-C779ACF5002B}.Debug|STANDARDSDK_500 (SH4).Build.0 = Debug|STANDARDSDK_500 (SH4)
		{E0297728-8C89-48E6-9B33-C779ACF5002B}.Debug|STANDARDSDK_500 (SH4).Deploy.0 = Debug|STANDARDSDK_500 (SH4)
		{E0297728-8C89-48E6-9B33-C779ACF5002B}.Debug|STANDARDSDK_500 (x86).ActiveCfg = Debug|STANDARDSDK_500 (x86)
		{E0297728-8C89-48E6-9B33-C779ACF5002B}.Debug|STANDARDSDK_500 (x86).Build.0 = Debug|STANDARDSDK_500 (x86)
		{E0297728-8C89-48E6-9B33-C779ACF5002B}.Debug|STANDARDSDK_500 (x86).Deploy.0 = Debug|STANDARDSDK_500 (x86)
		{E0297728-8C89-48E6-9B33-C779ACF5002B}.Release|Any CPU.ActiveCfg = Release|STANDARDSDK_500 (MIPSIV_FP)
		{E0297728-8C89-48E6-9B33-C779ACF5002B}.Release|Mixed Platforms.ActiveCfg = Release|STANDARDSDK_500 (MIPSIV_FP)
		{E0297728-8C89-48E6-9B33-C779ACF5002B}.Release|Mixed Platforms.Build.0 = Release|STANDARDSDK_500 (MIPSIV_FP)
		{E0297728-8C89-48E6-9B33-C779ACF5002B}.Release|Mixed Platforms.Deploy.0 = Release|STANDARDSDK_500 (MIPSIV_FP)
		{E0297728-8C89-48E6-9B33-C779ACF5002B}.Release|Pocket PC 2003 (ARMV4).ActiveCfg = Release|Pocket PC 2003 (ARMV4)
		{E0297728-8C89-48E6-9B33-C779ACF5002B}.Release|Pocket PC 2003 (ARMV4).Build.0 = Release|Pocket PC 2003 (ARMV4)
		{E0297728-8C89-48E6-9B33-C779ACF5002B}.Release|Pocket PC 2003 (ARMV4).Deploy.0 = Release|Pocket PC 2003 (ARMV4)
		{E0297728-8C89-48E6-9B33-C779ACF5002B}.Release|STANDARDSDK_500 (ARMV4I).ActiveCfg = Release|STANDARDSDK_500 (ARMV4I)
		{E0297728-8C89-48E6-9B33-C779ACF5002B}.Release|STANDARDSDK_500 (ARMV4I).Build.0 = Release|STANDARDSDK_500 (ARMV4I)
		{E0297728-8C89-48E6-9B33-C779ACF5002B}.Release|STANDARDSDK_500 (ARMV4I).Deploy.0 = Release|STANDARDSDK_500 (ARMV4I)
		{E0297728-8C89-48E6-9B33-C779ACF5002B}.Release|STANDARDSDK_500 (MIPSII).ActiveCfg = Release|STANDARDSDK_500 (MIPSII)
		{E0297728-8C89-48E6-9B33-C779ACF5002B}.Release|STANDARDSDK_500 (MIPSII).Build.0 = Release|STANDARDSDK_500 (MIPSII)
		{E0297728-8C89-48E6-9B33-C779ACF5002B}.Release|STANDARDSDK_500 (MIPSII).Deploy.0 = Release|STANDARDSDK_500 (MIPSII)
		{E0297728-8C89-48E6-9B33-C779ACF5002B}.Release|STANDARDSDK_500 (MIPSII_FP).ActiveCfg = Release|STANDARDSDK_500 (MIPSII_FP)
		{E0297728-8C89-48E6-9B33-C779ACF5002B}.Release|STANDARDSDK_500 (MIPSII_FP).Build.0 = Release|STANDARDSDK_500 (MIPSII_FP)
		{E0297728-8C89-48E6-9B33-C779ACF5002B}.Release|STANDARDSDK_500 (MIPSII_FP).Deploy.0 = Release|STANDARDSDK_500 (MIPSII_FP)
		{E0297728-8C89-48E6-9B33-C779ACF5002B}.Release|STANDARDSDK_500 (MIPSIV).ActiveCfg = Release|STANDARDSDK_500 (MIPSIV)
		{E0297728-8C89-48E6-9B33-C779ACF5002B}.Release|STANDARDSDK_500 (MIPSIV).Build.0 = Release|STANDARDSDK_500 (MIPSIV)
		{E0297728-8C89-48E6-9B33-C779ACF5002B}.Release|STANDARDSDK_500 (MIPSIV).Deploy.0 = Release|STANDARDSDK_500 (MIPSIV)
		{E0297728-8C89-48E6-9B33-C779ACF5002B}.Release|STANDARDSDK_500 (MIPSIV_FP).ActiveCfg = Release|STANDARDSDK_500 (MIPSIV_FP)
		{E0297728-8C89-48E6-9B33-C779ACF5002B}.Release|STANDARDSDK_500 (MIPSIV_FP).Build.0 = Release|STANDARDSDK_500 (MIPSIV_FP)
		{E0297728-8C89-48E6-9B33-C779ACF5002B}.Release|STANDARDSDK_500 (MIPSIV_FP).Deploy.0 = Release|STANDARDSDK_500 (MIPSIV_FP)
		{E0297728-8C89-48E6-9B33-C779ACF5002B}.Release|STANDARDSDK_500 (SH4).ActiveCfg = Release|STANDARDSDK_500 (SH4)
		{E0297728-8C89-48E6-9B33-C779ACF5002B}.Release|STANDARDSDK_500 (SH4).Build.0 = Release|STANDARDSDK_500 (SH4)
		{E0297728-8C89-48E6-9B33-C779ACF5002B}.Release|STANDARDSDK_500 (SH4).Deploy.0 = Release|STANDARDSDK_500 (SH4)
		{E0297728-8C89-48E6-9B33-C779ACF5002B}.Release|STANDARDSDK_500 (x86).ActiveCfg = Release|STANDARDSDK_500 (x86)
		{E0297728-8C89-48E6-9B33-C779ACF5002B}.Release|STANDARDSDK_500 (x86).Build.0 = Release|STANDARDSDK_500 (x86)
		{E0297728-8C89-48E6-9B33-C779ACF5002B}.Release|STANDARDSDK_500 (x86).Deploy.0 = Release|STANDARDSDK_500 (x86)
		{18C47341-D14F-4513-A26D-0CC014CA9B85}.Debug|Any CPU.ActiveCfg = Debug|STANDARDSDK_500 (MIPSIV_FP)
		{18C47341-D14F-4513-A26D-0CC014CA9B85}.Debug|Mixed Platforms.ActiveCfg = Debug|STANDARDSDK_500 (MIPSIV_FP)
		{18C47341-D14F-4513-A26D-0CC014CA9B85}.Debug|Mixed Platforms.Build.0 = Debug|STANDARDSDK_500 (MIPSIV_FP)
		{18C47341-D14F-4513-A26D-0CC014CA9B85}.Debug|Mixed Platforms.Deploy.0 = Debug|STANDARDSDK_500 (MIPSIV_FP)
		{18C47341-D14F-4513-A26D-0CC014CA9B85}.Debug|Pocket PC 2003 (ARMV4).ActiveCfg = Debug|Pocket PC 2003 (ARMV4)
		{18C47341-D14F-4513-A26D-0CC014CA9B85}.Debug|Pocket PC 2003 (ARMV4).Build.0 = Debug|Pocket PC 2003 (ARMV4)
		{18C47341-D14F-4513-A26D-0CC014CA9B85}.Debug|Pocket PC 2003 (ARMV4).Deploy.0 = Debug|Pocket PC 2003 (ARMV4)
		{18C47341-D14F-4513-A26D-0CC014CA9B85}.Debug|STANDARDSDK_500 (ARMV4I).ActiveCfg = Debug|STANDARDSDK_500 (ARMV4I)
		{18C47341-D14F-4513-A26D-0CC014CA9B85}.Debug|STANDARDSDK_500 (ARMV4I).Build.0 = Debug|STANDARDSDK_500 (ARMV4I)
		{18C47341-D14F-4513-A26D-0CC014CA9B85}.Debug|STANDARDSDK_500 (ARMV4I).Deploy.0 = Debug|STANDARDSDK_500 (ARMV4I)
		{18C47341-D14F-4513-A26D-0CC014CA9B85}.Debug|STANDARDSDK_500 (MIPSII).ActiveCfg = Debug|STANDARDSDK_500 (MIPSII)
		{18C47341-D14F-4513-A26D-0CC014CA9B85}.Debug|STANDARDSDK_500 (MIPSII).Build.0 = Debug|STANDARDSDK_500 (MIPSII)
		{18C47341-D14F-4513-A26D-0CC014CA9B85}.Debug|STANDARDSDK_500 (MIPSII).Deploy.0 = Debug|STANDARDSDK_500 (MIPSII)
		{18C47341-D14F-4513-A26D-0CC014CA9B85}.Debug|STANDARDSDK_500 (MIPSII_FP).ActiveCfg = Debug|STANDARDSDK_500 (MIPSII_FP)
		{18C47341-D14F-4513-A26D-0CC014CA9B85}.Debug|STANDARDSDK_500 (MIPSII_FP).Build.0 = Debug|STANDARDSDK_500 (MIPSII_FP)
		{18C47341-D14F-4513-A26D-0CC014CA9B85}.Debug|STANDARDSDK_500 (MIPSII_FP).Deploy.0 = Debug|STANDARDSDK_500 (MIPSII_FP)
		{18C47341-D14F-4513-A26D-0CC014CA9B85}.Debug|STANDARDSDK_500 (MIPSIV).ActiveCfg = Debug|STANDARDSDK_500 (MIPSIV)
		{18C47341-D14F-4513-A26D-0CC014CA9B85}.Debug|STANDARDSDK_500 (MIPSIV).Build.0 = Debug|STANDARDSDK_500 (MIPSIV)
		{18C47341-D14F-4513-A26D-0CC014CA9B85}.Debug|STANDARDSDK_500 (MIPSIV).Deploy.0 = Debug|STANDARDSDK_500 (MIPSIV)
		{18C47341-D14F-4513-A26D-0CC014CA9B85}.Debug|STANDARDSDK_500 (MIPSIV_FP).ActiveCfg = Debug|STANDARDSDK_500 (MIPSIV_FP)
		{18C47341-D14F-4513-A26D-0CC014CA9B85}.Debug|STANDARDSDK_500 (MIPSIV_FP).Build.0 = Debug|STANDARDSDK_500 (MIPSIV_FP)
		{18C47341-D14F-4513-A26D-0CC014CA9B85}.Debug|STANDARDSDK_500 (MIPSIV_FP).Deploy.0 = Debug|STANDARDSDK_500 (MIPSIV_FP)
		{18C47341-D14F-4513-A26D-0CC014CA9B85}.Debug|STANDARDSDK_500 (SH4).ActiveCfg = Debug|STANDARDSDK_500 (SH4)
		{18C47341-D14F-4513-A26D-0CC014CA9B85}.Debug|STANDARDSDK_500 (SH4).Build.0 = Debug|STANDARDSDK_500 (SH4)
		{18C47341-D14F-4513-A26D-0CC014CA9B85}.Debug|STANDARDSDK_500 (SH4).Deploy.0 = Debug|STANDARDSDK_500 (SH4)
		{18C47341-D14F-4513-A26D-0CC014CA9B85}.Debug|STANDARDSDK_500 (x86).ActiveCfg = Debug|STANDARDSDK_500 (x86)
		{18C47341-D14F-4513-A26D-0CC014CA9B85}.Debug|STANDARDSDK_500 (x86).Build.0 = Debug|STANDARDSDK_500 (x86)
		{18C47341-D14F-4513-A26D-0CC014CA9B85}.Debug|STANDARDSDK_500 (x86).Deploy.0 = Debug|STANDARDSDK_500 (x86)
		{18C47341-D14F-4513-A26D-0CC014CA9B85}.Release|Any CPU.ActiveCfg = Release|STANDARDSDK_500 (MIPSIV_FP)
		{18C47341-D14F-4513-A26D-0CC014CA9B85}.Release|Mixed Platforms.ActiveCfg = Release|STANDARDSDK_500 (MIPSIV_FP)
		{18C47341-D14F-4513-A26D-0CC014CA9B85}.Release|Mixed Platforms.Build.0 = Release|STANDARDSDK_500 (MIPSIV_FP)
		{18C47341-D14F-4513-A26D-0CC014CA9B85}.Release|Mixed Platforms.Deploy.0 = Release|STANDARDSDK_500 (MIPSIV_FP)
		{18C47341-D14F-4513-A26D-0CC014CA9B85}.Release|Pocket PC 2003 (ARMV4).ActiveCfg = Release|Pocket PC 2003 (ARMV4)
		{18C47341-D14F-4513-A26D-0CC014CA9B85}.Release|Pocket PC 2003 (ARMV4).Build.0 = Release|Pocket PC 2003 (ARMV4)
		{18C47341-D14F-4513-A26D-0CC014CA9B85}.Release|Pocket PC 2003 (ARMV4).Deploy.0 = Release|Pocket PC 2003 (ARMV4)
		{18C47341-D14F-4513-A26D-0CC014CA9B85}.Release|STANDARDSDK_500 (ARMV4I).ActiveCfg = Release|STANDARDSDK_500 (ARMV4I)
		{18C47341-D14F-4513-A26D-0CC014CA9B85}.Release|STANDARDSDK_500 (ARMV4I).Build.0 = Release|STANDARDSDK_500 (ARMV4I)
		{18C47341-D14F-4513-A26D-0CC014CA9B85}.Release|STANDARDSDK_500 (ARMV4I).Deploy.0 = Release|STANDARDSDK_500 (ARMV4I)
		{18C47341-D14F-4513-A26D-0CC014CA9B85}.Release|STANDARDSDK_500 (MIPSII).ActiveCfg = Release|STANDARDSDK_500 (MIPSII)
		{18C47341-D14F-4513-A26D-0CC014CA9B85}.Release|STANDARDSDK_500 (MIPSII).Build.0 = Release|STANDARDSDK_500 (MIPSII)
		{18C47341-D14F-4513-A26D-0CC014CA9B85}.Release|STANDARDSDK_500 (MIPSII).Deploy.0 = Release|STANDARDSDK_500 (MIPSII)
		{18C47341-D14F-4513-A26D-0CC014CA9B85}.Release|STANDARDSDK_500 (MIPSII_FP).ActiveCfg = Release|STANDARDSDK_500 (MIPSII_FP)
		{18C47341-D14F-4513-A26D-0CC014CA9B85}.Release|STANDARDSDK_500 (MIPSII_FP).Build.0 = Release|STANDARDSDK_500 (MIPSII_FP)
		{18C47341-D14F-4513-A26D-0CC014CA9B85}.Release|STANDARDSDK_500 (MIPSII_FP).Deploy.0 = Release|STANDARDSDK_500 (MIPSII_FP)
		{18C47341-D14F-4513-A26D-0CC014CA9B85}.Release|STANDARDSDK_500 (MIPSIV).ActiveCfg = Release|STANDARDSDK_500 (MIPSIV)
		{18C47341-D14F-4513-A26D-0CC014CA9B85}.Release|STANDARDSDK_500 (MIPSIV).Build.0 = Release|STANDARDSDK_500 (MIPSIV)
		{18C47341-D14F-4513-A26D-0CC014CA9B85}.Release|STANDARDSDK_500 (MIPSIV).Deploy.0 = Release|STANDARDSDK_500 (MIPSIV)
		{18C47341-D14F-4513-A26D-0CC014CA9B85}.Release|STANDARDSDK_500 (MIPSIV_FP).ActiveCfg = Release|STANDARDSDK_500 (MIPSIV_FP)
		{18C47341-D14F-4513-A26D-0CC014CA9B85}.Release|STANDARDSDK_500 (MIPSIV_FP).Build.0 = Release|STANDARDSDK_500 (MIPSIV_FP)
		{18C47341-D14F-4513-A26D-0CC014CA9B85}.Release|STANDARDSDK_500 (MIPSIV_FP).Deploy.0 = Release|STANDARDSDK_500 (MIPSIV_FP)
		{18C47341-D14F-4513-A26D-0CC014CA9B85}.Release|STANDARDSDK_500 (SH4).ActiveCfg = Release|STANDARDSDK_500 (SH4)
		{18C47341-D14F-4513-A26D-0CC014CA9B85}.Release|STANDARDSDK_500 (SH4).Build.0 = Release|STANDARDSDK_500 (SH4)
		{18C47341-D14F-4513-A26D-0CC014CA9B85}.Release|STANDARDSDK_500 (SH4).Deploy.0 = Release|STANDARDSDK_500 (SH4)
		{18C47341-D14F-4513-A26D-0CC014CA9B85}.Release|STANDARDSDK_500 (x86).ActiveCfg = Release|STANDARDSDK_500 (x86)
		{18C47341-D14F-4513-A26D-0CC014CA9B85}.Release|STANDARDSDK_500 (x86).Build.0 = Release|STANDARDSDK_500 (x86)
		{18C47341-D14F-4513-A26D-0CC014CA9B85}.Release|STANDARDSDK_500 (x86).Deploy.0 = Release|STANDARDSDK_500 (x86)
		{09AA2A68-5B3D-4BF9-8477-278255054E1D}.Debug|Any CPU.ActiveCfg = Debug|STANDARDSDK_500 (MIPSIV_FP)
		{09AA2A68-5B3D-4BF9-8477-278255054E1D}.Debug|Mixed Platforms.ActiveCfg = Debug|STANDARDSDK_500 (MIPSIV_FP)
		{09AA2A68-5B3D-4BF9-8477-278255054E1D}.Debug|Mixed Platforms.Build.0 = Debug|STANDARDSDK_500 (MIPSIV_FP)
		{09AA2A68-5B3D-4BF9-8477-278255054E1D}.Debug|Mixed Platforms.Deploy.0 = Debug|STANDARDSDK_500 (MIPSIV_FP)
		{09AA2A68-5B3D-4BF9-8477-278255054E1D}.Debug|Pocket PC 2003 (ARMV4).ActiveCfg = Debug|Pocket PC 2003 (ARMV4)
		{09AA2A68-5B3D-4BF9-8477-278255054E1D}.Debug|Pocket PC 2003 (ARMV4).Build.0 = Debug|Pocket PC 2003 (ARMV4)
		{09AA2A68-5B3D-4BF9-8477-278255054E1D}.Debug|Pocket PC 2003 (ARMV4).Deploy.0 = Debug|Pocket PC 2003 (ARMV4)
		{09AA2A68-5B3D-4BF9-8477-278255054E1D}.Debug|STANDARDSDK_500 (ARMV4I).ActiveCfg = Debug|STANDARDSDK_500 (ARMV4I)
		{09AA2A68-5B3D-4BF9-8477-278255054E1D}.Debug|STANDARDSDK_500 (ARMV4I).Build.0 = Debug|STANDARDSDK_500 (ARMV4I)
		{09AA2A68-5B3D-4BF9-8477-278255054E1D}.Debug|STANDARDSDK_500 (ARMV4I).Deploy.0 = Debug|STANDARDSDK_500 (ARMV4I)
		{09AA2A68-5B3D-4BF9-8477-278255054E1D}.Debug|STANDARDSDK_500 (MIPSII).ActiveCfg = Debug|STANDARDSDK_500 (MIPSII)
		{09AA2A68-5B3D-4BF9-8477-278255054E1D}.Debug|STANDARDSDK_500 (MIPSII).Build.0 = Debug|STANDARDSDK_500 (MIPSII)
		{09AA2A68-5B3D-4BF9-8477-278255054E1D}.Debug|STANDARDSDK_500 (MIPSII).Deploy.0 = Debug|STANDARDSDK_500 (MIPSII)
		{09AA2A68-5B3D-4BF9-8477-278255054E1D}.Debug|STANDARDSDK_500 (MIPSII_FP).ActiveCfg = Debug|STANDARDSDK_500 (MIPSII_FP)
		{09AA2A68-5B3D-4BF9-8477-278255054E1D}.Debug|STANDARDSDK_500 (MIPSII_FP).Build.0 = Debug|STANDARDSDK_500 (MIPSII_FP)
		{09AA2A68-5B3D-4BF9-8477-278255054E1D}.Debug|STANDARDSDK_500 (MIPSII_FP).Deploy.0 = Debug|STANDARDSDK_500 (MIPSII_FP)
		{09AA2A68-5B3D-4BF9-8477-278255054E1D}.Debug|STANDARDSDK_500 (MIPSIV).ActiveCfg = Debug|STANDARDSDK_500 (MIPSIV)
		{09AA2A68-5B3D-4BF9-8477-278255054E1D}.Debug|STANDARDSDK_500 (MIPSIV).Build.0 = Debug|STANDARDSDK_500 (MIPSIV)
		{09AA2A68-5B3D-4BF9-8477-278255054E1D}.Debug|STANDARDSDK_500 (MIPSIV).Deploy.0 = Debug|STANDARDSDK_500 (MIPSIV)
		{09AA2A68-5B3D-4BF9-8477-278255054E1D}.Debug|STANDARDSDK_500 (MIPSIV_FP).ActiveCfg = Debug|STANDARDSDK_500 (MIPSIV_FP)
		{09AA2A68-5B3D-4BF9-8477-278255054E1D}.Debug|STANDARDSDK_500 (MIPSIV_FP).Build.0 = Debug|STANDARDSDK_500 (MIPSIV_FP)
		{09AA2A68-5B3D-4BF9-8477-278255054E1D}.Debug|STANDARDSDK_500 (MIPSIV_FP).Deploy.0 = Debug|STANDARDSDK_500 (MIPSIV_FP)
		{09AA2A68-5B3D-4BF9-8477-278255054E1D}.Debug|STANDARDSDK_500 (SH4).ActiveCfg = Debug|STANDARDSDK_500 (SH4)
		{09AA2A68-5B3D-4BF9-8477-278255054E1D}.Debug|STANDARDSDK_500 (SH4).Build.0 = Debug|STANDARDSDK_500 (SH4)
		{09AA2A68-5B3D-4BF9-8477-278255054E1D}.Debug|STANDARDSDK_500 (SH4).Deploy.0 = Debug|STANDARDSDK_500 (SH4)
		{09AA2A68-5B3D-4BF9-8477-278255054E1D}.Debug|STANDARDSDK_500 (x86).ActiveCfg = Debug|STANDARDSDK_500 (x86)
		{09AA2A68-5B3D-4BF9-8477-278255054E1D}.Debug|STANDARDSDK_500 (x86).Build.0 = Debug|STANDARDSDK_500 (x86)
		{09AA2A68-5B3D-4BF9-8477-278255054E1D}.Debug|STANDARDSDK_500 (x86).Deploy.0 = Debug|STANDARDSDK_500 (x86)
		{09AA2A68-5B3D-4BF9-8477-278255054E1D}.Release|Any CPU.ActiveCfg = Release|STANDARDSDK_500 (MIPSIV_FP)
		{09AA2A68-5B3D-4BF9-8477-278255054E1D}.Release|Mixed Platforms.ActiveCfg = Release|STANDARDSDK_500 (MIPSIV_FP)
		{09AA2A68-5B3D-4BF9-8477-278255054E1D}.Release|Mixed Platforms.Build.0 = Release|STANDARDSDK_500 (MIPSIV_FP)
		{09AA2A68-5B3D-4BF9-8477-278255054E1D}.Release|Mixed Platforms.Deploy.0 = Release|STANDARDSDK_500 (MIPSIV_FP)
		{09AA2A68-5B3D-4BF9-8477-278255054E1D}.Release|Pocket PC 2003 (ARMV4).ActiveCfg = Release|Pocket PC 2003 (ARMV4)
		{09AA2A68-5B3D-4BF9-8477-278255054E1D}.Release|Pocket PC 2003 (ARMV4).Build.0 = Release|Pocket PC 2003 (ARMV4)
		{09AA2A68-5B3D-4BF9-8477-278255054E1D}.Release|Pocket PC 2003 (ARMV4).Deploy.0 = Release|Pocket PC 2003 (ARMV4)
		{09AA2A68-5B3D-4BF9-8477-278255054E1D}.Release|STANDARDSDK_500 (ARMV4I).ActiveCfg = Release|STANDARDSDK_500 (ARMV4I)
		{09AA2A68-5B3D-4BF9-8477-278255054E1D}.Release|STANDARDSDK_500 (ARMV4I).Build.0 = Release|STANDARDSDK_500 (ARMV4I)
		{09AA2A68-5B3D-4BF9-8477-278255054E1D}.Release|STANDARDSDK_500 (ARMV4I).Deploy.0 = Release|STANDARDSDK_500 (ARMV4I)
		{09AA2A68-5B3D-4BF9-8477-278255054E1D}.Release|STANDARDSDK_500 (MIPSII).ActiveCfg = Release|STANDARDSDK_500 (MIPSII)
		{09AA2A68-5B3D-4BF9-8477-278255054E1D}.Release|STANDARDSDK_500 (MIPSII).Build.0 = Release|STANDARDSDK_500 (MIPSII)
		{09AA2A68-5B3D-4BF9-8477-278255054E1D}.Release|STANDARDSDK_500 (MIPSII).Deploy.0 = Release|STANDARDSDK_500 (MIPSII)
		{09AA2A68-5B3D-4BF9-8477-278255054E1D}.Release|STANDARDSDK_500 (MIPSII_FP).ActiveCfg = Release|STANDARDSDK_500 (MIPSII_FP)
		{09AA2A68-5B3D-4BF9-8477-278255054E1D}.Release|STANDARDSDK_500 (MIPSII_FP).Build.0 = Release|STANDARDSDK_500 (MIPSII_FP)
		{09AA2A68-5B3D-4BF9-8477-278255054E1D}.Release|STANDARDSDK_500 (MIPSII_FP).Deploy.0 = Release|STANDARDSDK_500 (MIPSII_FP)
		{09AA2A68-5B3D-4BF9-8477-278255054E1D}.Release|STANDARDSDK_500 (MIPSIV).ActiveCfg = Release|STANDARDSDK_500 (MIPSIV)
		{09AA2A68-5B3D-4BF9-8477-278255054E1D}.Release|STANDARDSDK_500 (MIPSIV).Build.0 = Release|STANDARDSDK_500 (MIPSIV)
		{09AA2A68-5B3D-4BF9-8477-278255054E1D}.Release|STANDARDSDK_500 (MIPSIV).Deploy.0 = Release|STANDARDSDK_500 (MIPSIV)
		{09AA2A68-5B3D-4BF9-8477-278255054E1D}.Release|STANDARDSDK_500 (MIPSIV_FP).ActiveCfg = Release|STANDARDSDK_500 (MIPSIV_FP)
		{09AA2A68-5B3D-4BF9-8477-278255054E1D}.Release|STANDARDSDK_500 (MIPSIV_FP).Build.0 = Release|STANDARDSDK_500 (MIPSIV_FP)
		{09AA2A68-5B3D-4BF9-8477-278255054E1D}.Release|STANDARDSDK_500 (MIPSIV_FP).Deploy.0 = Release|STANDARDSDK_500 (MIPSIV_FP)
		{09AA2A68-5B3D-4BF9-8477-278255054E1D}.Release|STANDARDSDK_500 (SH4).ActiveCfg = Release|STANDARDSDK_500 (SH4)
		{09AA2A68-5B3D-4BF9-8477-278255054E1D}.Release|STANDARDSDK_500 (SH4).Build.0 = Release|STANDARDSDK_500 (SH4)
		{09AA2A68-5B3D-4BF9-8477-278255054E1D}.Release|STANDARDSDK_500 (SH4).Deploy.0 = Release|STANDARDSDK_500 (SH4)
		{09AA2A68-5B3D-4BF9-8477-278255054E1D}.Release|STANDARDSDK_500 (x86).ActiveCfg = Release|STANDARDSDK_500 (x86)
		{09AA2A68-5B3D-4BF9-8477-278255054E1D}.Release|STANDARDSDK_500 (x86).Build.0 = Release|STANDARDSDK_500 (x86)
		{09AA2A68-5B3D-4BF9-8477-278255054E1D}.Release|STANDARDSDK_500 (x86).Deploy.0 = Release|STANDARDSDK_500 (x86)
		{807A3302-A479-48D4-A477-AE8FE7E72D75}.Debug|Any CPU.ActiveCfg = Debug|STANDARDSDK_500 (MIPSIV_FP)
		{807A3302-A479-48D4-A477-AE8FE7E72D75}.Debug|Mixed Platforms.ActiveCfg = Debug|STANDARDSDK_500 (MIPSIV_FP)
		{807A3302-A479-48D4-A477-AE8FE7E72D75}.Debug|Mixed Platforms.Build.0 = Debug|STANDARDSDK_500 (MIPSIV_FP)
		{807A3302-A479-48D4-A477-AE8FE7E72D75}.Debug|Mixed Platforms.Deploy.0 = Debug|STANDARDSDK_500 (MIPSIV_FP)
		{807A3302-A479-48D4-A477-AE8FE7E72D75}.Debug|Pocket PC 2003 (ARMV4).ActiveCfg = Debug|Pocket PC 2003 (ARMV4)
		{807A3302-A479-48D4-A477-AE8FE7E72D75}.Debug|Pocket PC 2003 (ARMV4).Build.0 = Debug|Pocket PC 2003 (ARMV4)
		{807A3302-A479-48D4-A477-AE8FE7E72D75}.Debug|Pocket PC 2003 (ARMV4).Deploy.0 = Debug|Pocket PC 2003 (ARMV4)
		{807A3302-A479-48D4-A477-AE8FE7E72D75}.Debug|STANDARDSDK_500 (ARMV4I).ActiveCfg = Debug|STANDARDSDK_500 (ARMV4I)
		{807A3302-A479-48D4-A477-AE8FE7E72D75}.Debug|STANDARDSDK_500 (ARMV4I).Build.0 = Debug|STANDARDSDK_500 (ARMV4I)
		{807A3302-A479-48D4-A477-AE8FE7E72D75}.Debug|STANDARDSDK_500 (ARMV4I).Deploy.0 = Debug|STANDARDSDK_500 (ARMV4I)
		{807A3302-A479-48D4-A477-AE8FE7E72D75}.Debug|STANDARDSDK_500 (MIPSII).ActiveCfg = Debug|STANDARDSDK_500 (MIPSII)
		{807A3302-A479-48D4-A477-AE8FE7E72D75}.Debug|STANDARDSDK_500 (MIPSII).Build.0 = Debug|STANDARDSDK_500 (MIPSII)
		{807A3302-A479-48D4-A477-AE8FE7E72D75}.Debug|STANDARDSDK_500 (MIPSII).Deploy.0 = Debug|STANDARDSDK_500 (MIPSII)
		{807A3302-A479-48D4-A477-AE8FE7E72D75}.Debug|STANDARDSDK_500 (MIPSII_FP).ActiveCfg = Debug|STANDARDSDK_500 (MIPSII_FP)
		{807A3302-A479-48D4-A477-AE8FE7E72D75}.Debug|STANDARDSDK_500 (MIPSII_FP).Build.0 = Debug|STANDARDSDK_500 (MIPSII_FP)
		{807A3302-A479-48D4-A477-AE8FE7E72D75}.Debug|STANDARDSDK_500 (MIPSII_FP).Deploy.0 = Debug|STANDARDSDK_500 (MIPSII_FP)
		{807A3302-A479-48D4-A477-AE8FE7E72D75}.Debug|STANDARDSDK_500 (MIPSIV).ActiveCfg = Debug|STANDARDSDK_500 (MIPSIV)
		{807A3302-A479-48D4-A477-AE8FE7E72D75}.Debug|STANDARDSDK_500 (MIPSIV).Build.0 = Debug|STANDARDSDK_500 (MIPSIV)
		{807A3302-A479-48D4-A477-AE8FE7E72D75}.Debug|STANDARDSDK_500 (MIPSIV).Deploy.0 = Debug|STANDARDSDK_500 (MIPSIV)
		{807A3302-A479-48D4-A477-AE8FE7E72D75}.Debug|STANDARDSDK_500 (MIPSIV_FP).ActiveCfg = Debug|STANDARDSDK_500 (MIPSIV_FP)
		{807A3302-A479-48D4-A477-AE8FE7E72D75}.Debug|STANDARDSDK_500 (MIPSIV_FP).Build.0 = Debug|STANDARDSDK_500 (MIPSIV_FP)
		{807A3302-A479-48D4-A477-AE8FE7E72D75}.Debug|STANDARDSDK_500 (MIPSIV_FP).Deploy.0 = Debug|STANDARDSDK_500 (MIPSIV_FP)
		{807A3302-A479-48D4-A477-AE8FE7E72D75}.Debug|STANDARDSDK_500 (SH4).ActiveCfg = Debug|STANDARDSDK_500 (SH4)
		{807A3302-A479-48D4-A477-AE8FE7E72D75}.Debug|STANDARDSDK_500 (SH4).Build.0 = Debug|STANDARDSDK_500 (SH4)
		{807A3302-A479-48D4-A477-AE8FE7E72D75}.Debug|STANDARDSDK_500 (SH4).Deploy.0 = Debug|STANDARDSDK_500 (SH4)
		{807A3302-A479-48D4-A477-AE8FE7E72D75}.Debug|STANDARDSDK_500 (x86).ActiveCfg = Debug|STANDARDSDK_500 (x86)
		{807A3302-A479-48D4-A477-AE8FE7E72D75}.Debug|STANDARDSDK_500 (x86).Build.0 = Debug|STANDARDSDK_500 (x86)
		{807A3302-A479-48D4-A477-AE8FE7E72D75}.Debug|STANDARDSDK_500 (x86).Deploy.0 = Debug|STANDARDSDK_500 (x86)
		{807A3302-A479-48D4-A477-AE8FE7E72D75}.Release|Any CPU.ActiveCfg = Release|STANDARDSDK_500 (MIPSIV_FP)
		{807A3302-A479-48D4-A477-AE8FE7E72D75}.Release|Mixed Platforms.ActiveCfg = Release|STANDARDSDK_500 (MIPSIV_FP)
		{807A3302-A479-48D4-A477-AE8FE7E72D75}.Release|Mixed Platforms.Build.0 = Release|STANDARDSDK_500 (MIPSIV_FP)
		{807A3302-A479-48D4-A477-AE8FE7E72D75}.Release|Mixed Platforms.Deploy.0 = Release|STANDARDSDK_500 (MIPSIV_FP)
		{807A3302-A479-48D4-A477-AE8FE7E72D75}.Release|Pocket PC 2003 (ARMV4).ActiveCfg = Release|Pocket PC 2003 (ARMV4)
		{807A3302-A479-48D4-A477-AE8FE7E72D75}.Release|Pocket PC 2003 (ARMV4).Build.0 = Release|Pocket PC 2003 (ARMV4)
		{807A3302-A479-48D4-A477-AE8FE7E72D75}.Release|Pocket PC 2003 (ARMV4).Deploy.0 = Release|Pocket PC 2003 (ARMV4)
		{807A3302-A479-48D4-A477-AE8FE7E72D75}.Release|STANDARDSDK_500 (ARMV4I).ActiveCfg = Release|STANDARDSDK_500 (ARMV4I)
		{807A3302-A479-48D4-A477-AE8FE7E72D75}.Release|STANDARDSDK_500 (ARMV4I).Build.0 = Release|STANDARDSDK_500 (ARMV4I)
		{807A3302-A479-48D4-A477-AE8FE7E72D75}.Release|STANDARDSDK_500 (ARMV4I).Deploy.0 = Release|STANDARDSDK_500 (ARMV4I)
		{807A3302-A479-48D4-A477-AE8FE7E72D75}.Release|STANDARDSDK_500 (MIPSII).ActiveCfg = Release|STANDARDSDK_500 (MIPSII)
		{807A3302-A479-48D4-A477-AE8FE7E72D75}.Release|STANDARDSDK_500 (MIPSII).Build.0 = Release|STANDARDSDK_500 (MIPSII)
		{807A3302-A479-48D4-A477-AE8FE7E72D75}.Release|STANDARDSDK_500 (MIPSII).Deploy.0 = Release|STANDARDSDK_500 (MIPSII)
		{807A3302-A479-48D4-A477-AE8FE7E72D75}.Release|STANDARDSDK_500 (MIPSII_FP).ActiveCfg = Release|STANDARDSDK_500 (MIPSII_FP)
		{807A3302-A479-48D4-A477-AE8FE7E72D75}.Release|STANDARDSDK_500 (MIPSII_FP).Build.0 = Release|STANDARDSDK_500 (MIPSII_FP)
		{807A3302-A479-48D4-A477-AE8FE7E72D75}.Release|STANDARDSDK_500 (MIPSII_FP).Deploy.0 = Release|STANDARDSDK_500 (MIPSII_FP)
		{807A3302-A479-48D4-A477-AE8FE7E72D75}.Release|STANDARDSDK_500 (MIPSIV).ActiveCfg = Release|STANDARDSDK_500 (MIPSIV)
		{807A3302-A479-48D4-A477-AE8FE7E72D75}.Release|STANDARDSDK_500 (MIPSIV).Build.0 = Release|STANDARDSDK_500 (MIPSIV)
		{807A3302-A479-48D4-A477-AE8FE7E72D75}.Release|STANDARDSDK_500 (MIPSIV).Deploy.0 = Release|STANDARDSDK_500 (MIPSIV)
		{807A3302-A479-48D4-A477-AE8FE7E72D75}.Release|STANDARDSDK_500 (MIPSIV_FP).ActiveCfg = Release|STANDARDSDK_500 (MIPSIV_FP)
		{807A3302-A479-48D4-A477-AE8FE7E72D75}.Release|STANDARDSDK_500 (MIPSIV_FP).Build.0 = Release|STANDARDSDK_500 (MIPSIV_FP)
		{807A3302-A479-48D4-A477-AE8FE7E72D75}.Release|STANDARDSDK_500 (MIPSIV_FP).Deploy.0 = Release|STANDARDSDK_500 (MIPSIV_FP)
		{807A3302-A479-48D4-A477-AE8FE7E72D75}.Release|STANDARDSDK_500 (SH4).ActiveCfg = Release|STANDARDSDK_500 (SH4)
		{807A3302-A479-48D4-A477-AE8FE7E72D75}.Release|STANDARDSDK_500 (SH4).Build.0 = Release|STANDARDSDK_500 (SH4)
		{807A3302-A479-48D4-A477-AE8FE7E72D75}.Release|STANDARDSDK_500 (SH4).Deploy.0 = Release|STANDARDSDK_500 (SH4)
		{807A3302-A479-48D4-A477-AE8FE7E72D75}.Release|STANDARDSDK_500 (x86).ActiveCfg = Release|STANDARDSDK_500 (x86)
		{807A3302-A479-48D4-A477-AE8FE7E72D75}.Release|STANDARDSDK_500 (x86).Build.0 = Release|STANDARDSDK_500 (x86)
		{807A3302-A479-48D4-A477-AE8FE7E72D75}.Release|STANDARDSDK_500 (x86).Deploy.0 = Release|STANDARDSDK_500 (x86)
		{DC2FABF7-120A-4289-A3A6-0DD4736B031B}.Debug|Any CPU.ActiveCfg = Debug|STANDARDSDK_500 (MIPSIV_FP)
		{DC2FABF7-120A-4289-A3A6-0DD4736B031B}.Debug|Mixed Platforms.ActiveCfg = Debug|STANDARDSDK_500 (MIPSIV_FP)
		{DC2FABF7-120A-4289-A3A6-0DD4736B031B}.Debug|Mixed Platforms.Build.0 = Debug|STANDARDSDK_500 (MIPSIV_FP)
		{DC2FABF7-120A-4289-A3A6-0DD4736B031B}.Debug|Mixed Platforms.Deploy.0 = Debug|STANDARDSDK_500 (MIPSIV_FP)
		{DC2FABF7-120A-4289-A3A6-0DD4736B031B}.Debug|Pocket PC 2003 (ARMV4).ActiveCfg = Debug|Pocket PC 2003 (ARMV4)
		{DC2FABF7-120A-4289-A3A6-0DD4736B031B}.Debug|Pocket PC 2003 (ARMV4).Build.0 = Debug|Pocket PC 2003 (ARMV4)
		{DC2FABF7-120A-4289-A3A6-0DD4736B031B}.Debug|Pocket PC 2003 (ARMV4).Deploy.0 = Debug|Pocket PC 2003 (ARMV4)
		{DC2FABF7-120A-4289-A3A6-0DD4736B031B}.Debug|STANDARDSDK_500 (ARMV4I).ActiveCfg = Debug|STANDARDSDK_500 (ARMV4I)
		{DC2FABF7-120A-4289-A3A6-0DD4736B031B}.Debug|STANDARDSDK_500 (ARMV4I).Build.0 = Debug|STANDARDSDK_500 (ARMV4I)
		{DC2FABF7-120A-4289-A3A6-0DD4736B031B}.Debug|STANDARDSDK_500 (ARMV4I).Deploy.0 = Debug|STANDARDSDK_500 (ARMV4I)
		{DC2FABF7-120A-4289-A3A6-0DD4736B031B}.Debug|STANDARDSDK_500 (MIPSII).ActiveCfg = Debug|STANDARDSDK_500 (MIPSII)
		{DC2FABF7-120A-4289-A3A6-0DD4736B031B}.Debug|STANDARDSDK_500 (MIPSII).Build.0 = Debug|STANDARDSDK_500 (MIPSII)
		{DC2FABF7-120A-4289-A3A6-0DD4736B031B}.Debug|STANDARDSDK_500 (MIPSII).Deploy.0 = Debug|STANDARDSDK_500 (MIPSII)
		{DC2FABF7-120A-4289-A3A6-0DD4736B031B}.Debug|STANDARDSDK_500 (MIPSII_FP).ActiveCfg = Debug|STANDARDSDK_500 (MIPSII_FP)
		{DC2FABF7-120A-4289-A3A6-0DD4736B031B}.Debug|STANDARDSDK_500 (MIPSII_FP).Build.0 = Debug|STANDARDSDK_500 (MIPSII_FP)
		{DC2FABF7-120A-4289-A3A6-0DD4736B031B}.Debug|STANDARDSDK_500 (MIPSII_FP).Deploy.0 = Debug|STANDARDSDK_500 (MIPSII_FP)
		{DC2FABF7-120A-4289-A3A6-0DD4736B031B}.Debug|STANDARDSDK_500 (MIPSIV).ActiveCfg = Debug|STANDARDSDK_500 (MIPSIV)
		{DC2FABF7-120A-4289-A3A6-0DD4736B031B}.Debug|STANDARDSDK_500 (MIPSIV).Build.0 = Debug|STANDARDSDK_500 (MIPSIV)
		{DC2FABF7-120A-4289-A3A6-0DD4736B031B}.Debug|STANDARDSDK_500 (MIPSIV).Deploy.0 = Debug|STANDARDSDK_500 (MIPSIV)
		{DC2FABF7-120A-4289-A3A6-0DD4736B031B}.Debug|STANDARDSDK_500 (MIPSIV_FP).ActiveCfg = Debug|STANDARDSDK_500 (MIPSIV_FP)
		{DC2FABF7-120A-4289-A3A6-0DD4736B031B}.Debug|STANDARDSDK_500 (MIPSIV_FP).Build.0 = Debug|STANDARDSDK_500 (MIPSIV_FP)
		{DC2FABF7-120A-4289-A3A6-0DD4736B031B}.Debug|STANDARDSDK_500 (MIPSIV_FP).Deploy.0 = Debug|STANDARDSDK_500 (MIPSIV_FP)
		{DC2FABF7-120A-4289-A3A6-0DD4736B031B}.Debug|STANDARDSDK_500 (SH4).ActiveCfg = Debug|STANDARDSDK_500 (SH4)
		{DC2FABF7-120A-4289-A3A6-0DD4736B031B}.Debug|STANDARDSDK_500 (SH4).Build.0 = Debug|STANDARDSDK_500 (SH4)
		{DC2FABF7-120A-4289-A3A6-0DD4736B031B}.Debug|STANDARDSDK_500 (SH4).Deploy.0 = Debug|STANDARDSDK_500 (SH4)
		{DC2FABF7-120A-4289-A3A6-0DD4736B031B}.Debug|STANDARDSDK_500 (x86).ActiveCfg = Debug|STANDARDSDK_500 (x86)
		{DC2FABF7-120A-4289-A3A6-0DD4736B031B}.Debug|STANDARDSDK_500 (x86).Build.0 = Debug|STANDARDSDK_500 (x86)
		{DC2FABF7-120A-4289-A3A6-0DD4736B031B}.Debug|STANDARDSDK_500 (x86).Deploy.0 = Debug|STANDARDSDK_500 (x86)
		{DC2FABF7-120A-4289-A3A6-0DD4736B031B}.Release|Any CPU.ActiveCfg = Release|STANDARDSDK_500 (MIPSIV_FP)
		{DC2FABF7-120A-4289-A3A6-0DD4736B031B}.Release|Mixed Platforms.ActiveCfg = Release|STANDARDSDK_500 (MIPSIV_FP)
		{DC2FABF7-120A-4289-A3A6-0DD4736B031B}.Release|Mixed Platforms.Build.0 = Release|STANDARDSDK_500 (MIPSIV_FP)
		{DC2FABF7-120A-4289-A3A6-0DD4736B031B}.Release|Mixed Platforms.Deploy.0 = Release|STANDARDSDK_500 (MIPSIV_FP)
		{DC2FABF7-120A-4289-A3A6-0DD4736B031B}.Release|Pocket PC 2003 (ARMV4).ActiveCfg = Release|Pocket PC 2003 (ARMV4)
		{DC2FABF7-120A-4289-A3A6-0DD4736B031B}.Release|Pocket PC 2003 (ARMV4).Build.0 = Release|Pocket PC 2003 (ARMV4)
		{DC2FABF7-120A-4289-A3A6-0DD4736B031B}.Release|Pocket PC 2003 (ARMV4).Deploy.0 = Release|Pocket PC 2003 (ARMV4)
		{DC2FABF7-120A-4289-A3A6-0DD4736B031B}.Release|STANDARDSDK_500 (ARMV4I).ActiveCfg = Release|STANDARDSDK_500 (ARMV4I)
		{DC2FABF7-120A-4289-A3A6-0DD4736B031B}.Release|STANDARDSDK_500 (ARMV4I).Build.0 = Release|STANDARDSDK_500 (ARMV4I)
		{DC2FABF7-120A-4289-A3A6-0DD4736B031B}.Release|STANDARDSDK_500 (ARMV4I).Deploy.0 = Release|STANDARDSDK_500 (ARMV4I)
		{DC2FABF7-120A-4289-A3A6-0DD4736B031B}.Release|STANDARDSDK_500 (MIPSII).ActiveCfg = Release|STANDARDSDK_500 (MIPSII)
		{DC2FABF7-120A-4289-A3A6-0DD4736B031B}.Release|STANDARDSDK_500 (MIPSII).Build.0 = Release|STANDARDSDK_500 (MIPSII)
		{DC2FABF7-120A-4289-A3A6-0DD4736B031B}.Release|STANDARDSDK_500 (MIPSII).Deploy.0 = Release|STANDARDSDK_500 (MIPSII)
		{DC2FABF7-120A-4289-A3A6-0DD4736B031B}.Release|STANDARDSDK_500 (MIPSII_FP).ActiveCfg = Release|STANDARDSDK_500 (MIPSII_FP)
		{DC2FABF7-120A-4289-A3A6-0DD4736B031B}.Release|STANDARDSDK_500 (MIPSII_FP).Build.0 = Release|STANDARDSDK_500 (MIPSII_FP)
		{DC2FABF7-120A-4289-A3A6-0DD4736B031B}.Release|STANDARDSDK_500 (MIPSII_FP).Deploy.0 = Release|STANDARDSDK_500 (MIPSII_FP)
		{DC2FABF7-120A-4289-A3A6-0DD4736B031B}.Release|STANDARDSDK_500 (MIPSIV).ActiveCfg = Release|STANDARDSDK_500 (MIPSIV)
		{DC2FABF7-120A-4289-A3A6-0DD4736B031B}.Release|STANDARDSDK_500 (MIPSIV).Build.0 = Release|STANDARDSDK_500 (MIPSIV)
		{DC2FABF7-120A-4289-A3A6-0DD4736B031B}.Release|STANDARDSDK_500 (MIPSIV).Deploy.0 = Release|STANDARDSDK_500 (MIPSIV)
		{DC2FABF7-120A-4289-A3A6-0DD4736B031B}.Release|STANDARDSDK_500 (MIPSIV_FP).ActiveCfg = Release|STANDARDSDK_500 (MIPSIV_FP)
		{DC2FABF7-120A-4289-A3A6-0DD4736B031B}.Release|STANDARDSDK_500 (MIPSIV_FP).Build.0 = Release|STANDARDSDK_500 (MIPSIV_FP)
		{DC2FABF7-120A-4289-A3A6-0DD4736B031B}.Release|STANDARDSDK_500 (MIPSIV_FP).Deploy.0 = Release|STANDARDSDK_500 (MIPSIV_FP)
		{DC2FABF7-120A-4289-A3A6-0DD4736B031B}.Release|STANDARDSDK_500 (SH4).ActiveCfg = Release|STANDARDSDK_500 (SH4)
		{DC2FABF7-120A-4289-A3A6-0DD4736B031B}.Release|STANDARDSDK_500 (SH4).Build.0 = Release|STANDARDSDK_500 (SH4)
		{DC2FABF7-120A-4289-A3A6-0DD4736B031B}.Release|STANDARDSDK_500 (SH4).Deploy.0 = Release|STANDARDSDK_500 (SH4)
		{DC2FABF7-120A-4289-A3A6-0DD4736B031B}.Release|STANDARDSDK_500 (x86).ActiveCfg = Release|STANDARDSDK_500 (x86)
		{DC2FABF7-120A-4289-A3A6-0DD4736B031B}.Release|STANDARDSDK_500 (x86).Build.0 = Release|STANDARDSDK_500 (x86)
		{DC2FABF7-120A-4289-A3A6-0DD4736B031B}.Release|STANDARDSDK_500 (x86).Deploy.0 = Release|STANDARDSDK_500 (x86)
	EndGlobalSection
	GlobalSection(SolutionProperties) = preSolution
		HideSolutionNode = FALSE
	EndGlobalSection
EndGlobal
