
Microsoft Visual Studio Solution File, Format Version 11.00
# Visual Studio 2010
Project("{FAE04EC0-301F-11D3-BF4B-00C04F79EFBC}") = "MultiParam", "MultiParam\MultiParam.csproj", "{A93C3885-08C6-441D-A1E5-65C6F925EB72}"
EndProject
Project("{FAE04EC0-301F-11D3-BF4B-00C04F79EFBC}") = "DBConsole", "DBConsole\DBConsole.csproj", "{81FEDCE9-C8FB-4DBF-A487-EC3EA2DFA44D}"
EndProject
Project("{FAE04EC0-301F-11D3-BF4B-00C04F79EFBC}") = "MyTest", "MyTestGui\MyTest.csproj", "{66257DE6-B429-4767-9566-62709365D0ED}"
EndProject
Project("{FAE04EC0-301F-11D3-BF4B-00C04F79EFBC}") = "ParameterizedSQL", "ParameterizedSQL\ParameterizedSQL.csproj", "{D36DC7EE-C2D1-4433-9A2F-5D837F0FD552}"
EndProject
Global
	GlobalSection(SolutionConfigurationPlatforms) = preSolution
		Debug|Any CPU = Debug|Any CPU
		Debug|x86 = Debug|x86
		Release|Any CPU = Release|Any CPU
		Release|x86 = Release|x86
	EndGlobalSection
	GlobalSection(ProjectConfigurationPlatforms) = postSolution
		{A93C3885-08C6-441D-A1E5-65C6F925EB72}.Debug|Any CPU.ActiveCfg = Debug|Any CPU
		{A93C3885-08C6-441D-A1E5-65C6F925EB72}.Debug|Any CPU.Build.0 = Debug|Any CPU
		{A93C3885-08C6-441D-A1E5-65C6F925EB72}.Debug|x86.ActiveCfg = Debug|Any CPU
		{A93C3885-08C6-441D-A1E5-65C6F925EB72}.Debug|x86.Build.0 = Debug|Any CPU
		{A93C3885-08C6-441D-A1E5-65C6F925EB72}.Release|Any CPU.ActiveCfg = Release|Any CPU
		{A93C3885-08C6-441D-A1E5-65C6F925EB72}.Release|Any CPU.Build.0 = Release|Any CPU
		{A93C3885-08C6-441D-A1E5-65C6F925EB72}.Release|x86.ActiveCfg = Release|x86
		{A93C3885-08C6-441D-A1E5-65C6F925EB72}.Release|x86.Build.0 = Release|x86
		{81FEDCE9-C8FB-4DBF-A487-EC3EA2DFA44D}.Debug|Any CPU.ActiveCfg = Debug|Any CPU
		{81FEDCE9-C8FB-4DBF-A487-EC3EA2DFA44D}.Debug|Any CPU.Build.0 = Debug|Any CPU
		{81FEDCE9-C8FB-4DBF-A487-EC3EA2DFA44D}.Debug|x86.ActiveCfg = Debug|Any CPU
		{81FEDCE9-C8FB-4DBF-A487-EC3EA2DFA44D}.Debug|x86.Build.0 = Debug|Any CPU
		{81FEDCE9-C8FB-4DBF-A487-EC3EA2DFA44D}.Release|Any CPU.ActiveCfg = Release|Any CPU
		{81FEDCE9-C8FB-4DBF-A487-EC3EA2DFA44D}.Release|Any CPU.Build.0 = Release|Any CPU
		{81FEDCE9-C8FB-4DBF-A487-EC3EA2DFA44D}.Release|x86.ActiveCfg = Release|x86
		{81FEDCE9-C8FB-4DBF-A487-EC3EA2DFA44D}.Release|x86.Build.0 = Release|x86
		{66257DE6-B429-4767-9566-62709365D0ED}.Debug|Any CPU.ActiveCfg = Debug|Any CPU
		{66257DE6-B429-4767-9566-62709365D0ED}.Debug|Any CPU.Build.0 = Debug|Any CPU
		{66257DE6-B429-4767-9566-62709365D0ED}.Debug|x86.ActiveCfg = Debug|Any CPU
		{66257DE6-B429-4767-9566-62709365D0ED}.Debug|x86.Build.0 = Debug|Any CPU
		{66257DE6-B429-4767-9566-62709365D0ED}.Release|Any CPU.ActiveCfg = Release|Any CPU
		{66257DE6-B429-4767-9566-62709365D0ED}.Release|Any CPU.Build.0 = Release|Any CPU
		{66257DE6-B429-4767-9566-62709365D0ED}.Release|x86.ActiveCfg = Release|x86
		{66257DE6-B429-4767-9566-62709365D0ED}.Release|x86.Build.0 = Release|x86
		{D36DC7EE-C2D1-4433-9A2F-5D837F0FD552}.Debug|Any CPU.ActiveCfg = Debug|Any CPU
		{D36DC7EE-C2D1-4433-9A2F-5D837F0FD552}.Debug|Any CPU.Build.0 = Debug|Any CPU
		{D36DC7EE-C2D1-4433-9A2F-5D837F0FD552}.Debug|x86.ActiveCfg = Debug|Any CPU
		{D36DC7EE-C2D1-4433-9A2F-5D837F0FD552}.Debug|x86.Build.0 = Debug|Any CPU
		{D36DC7EE-C2D1-4433-9A2F-5D837F0FD552}.Release|Any CPU.ActiveCfg = Release|Any CPU
		{D36DC7EE-C2D1-4433-9A2F-5D837F0FD552}.Release|Any CPU.Build.0 = Release|Any CPU
		{D36DC7EE-C2D1-4433-9A2F-5D837F0FD552}.Release|x86.ActiveCfg = Release|x86
		{D36DC7EE-C2D1-4433-9A2F-5D837F0FD552}.Release|x86.Build.0 = Release|x86
	EndGlobalSection
	GlobalSection(SolutionProperties) = preSolution
		HideSolutionNode = FALSE
	EndGlobalSection
EndGlobal
