
Microsoft Visual Studio Solution File, Format Version 11.00
# Visual Studio 2010
Project("{FAE04EC0-301F-11D3-BF4B-00C04F79EFBC}") = "FormTest", "FormTest\FormTest.csproj", "{A09EB150-A110-4475-941F-F87B7AB82898}"
	ProjectSection(ProjectDependencies) = postProject
		{A4351936-4DD5-4512-B60D-339FF79B5251} = {A4351936-4DD5-4512-B60D-339FF79B5251}
		{9A9C784D-7122-4BE6-BD8B-8C6EDEE8D1D0} = {9A9C784D-7122-4BE6-BD8B-8C6EDEE8D1D0}
		{42A55BB9-76B6-4F6B-9A9E-10F2EFC5B424} = {42A55BB9-76B6-4F6B-9A9E-10F2EFC5B424}
	EndProjectSection
EndProject
Project("{FAE04EC0-301F-11D3-BF4B-00C04F79EFBC}") = "CloudClientShared", "CloudClientShared\CloudClientShared.csproj", "{42A55BB9-76B6-4F6B-9A9E-10F2EFC5B424}"
EndProject
Project("{FAE04EC0-301F-11D3-BF4B-00C04F79EFBC}") = "SClient", "SClient\SClient.csproj", "{9A9C784D-7122-4BE6-BD8B-8C6EDEE8D1D0}"
EndProject
Project("{FAE04EC0-301F-11D3-BF4B-00C04F79EFBC}") = "SClientTest", "SClientTest\SClientTest.csproj", "{39DD23A6-4582-480C-9313-EF458295C3B0}"
EndProject
Project("{FAE04EC0-301F-11D3-BF4B-00C04F79EFBC}") = "SServer", "SServer\SServer.csproj", "{02CFB755-009F-49A0-A329-1750CD75F545}"
EndProject
Project("{FAE04EC0-301F-11D3-BF4B-00C04F79EFBC}") = "SServerTest", "SServerTest\SServerTest.csproj", "{F169081C-451D-41E6-88D6-3A9BE1B598AC}"
EndProject
Project("{FAE04EC0-301F-11D3-BF4B-00C04F79EFBC}") = "SunticoShare", "SunticoShare\SunticoShare.csproj", "{A4351936-4DD5-4512-B60D-339FF79B5251}"
EndProject
Global
	GlobalSection(SolutionConfigurationPlatforms) = preSolution
		Debug|Any CPU = Debug|Any CPU
		Debug|x86 = Debug|x86
		Release|Any CPU = Release|Any CPU
		Release|x86 = Release|x86
	EndGlobalSection
	GlobalSection(ProjectConfigurationPlatforms) = postSolution
		{A09EB150-A110-4475-941F-F87B7AB82898}.Debug|Any CPU.ActiveCfg = Debug|Any CPU
		{A09EB150-A110-4475-941F-F87B7AB82898}.Debug|Any CPU.Build.0 = Debug|Any CPU
		{A09EB150-A110-4475-941F-F87B7AB82898}.Debug|x86.ActiveCfg = Debug|x86
		{A09EB150-A110-4475-941F-F87B7AB82898}.Debug|x86.Build.0 = Debug|x86
		{A09EB150-A110-4475-941F-F87B7AB82898}.Release|Any CPU.ActiveCfg = Release|Any CPU
		{A09EB150-A110-4475-941F-F87B7AB82898}.Release|Any CPU.Build.0 = Release|Any CPU
		{A09EB150-A110-4475-941F-F87B7AB82898}.Release|x86.ActiveCfg = Release|x86
		{A09EB150-A110-4475-941F-F87B7AB82898}.Release|x86.Build.0 = Release|x86
		{42A55BB9-76B6-4F6B-9A9E-10F2EFC5B424}.Debug|Any CPU.ActiveCfg = Debug|Any CPU
		{42A55BB9-76B6-4F6B-9A9E-10F2EFC5B424}.Debug|Any CPU.Build.0 = Debug|Any CPU
		{42A55BB9-76B6-4F6B-9A9E-10F2EFC5B424}.Debug|x86.ActiveCfg = Debug|x86
		{42A55BB9-76B6-4F6B-9A9E-10F2EFC5B424}.Debug|x86.Build.0 = Debug|x86
		{42A55BB9-76B6-4F6B-9A9E-10F2EFC5B424}.Release|Any CPU.ActiveCfg = Release|Any CPU
		{42A55BB9-76B6-4F6B-9A9E-10F2EFC5B424}.Release|Any CPU.Build.0 = Release|Any CPU
		{42A55BB9-76B6-4F6B-9A9E-10F2EFC5B424}.Release|x86.ActiveCfg = Release|x86
		{42A55BB9-76B6-4F6B-9A9E-10F2EFC5B424}.Release|x86.Build.0 = Release|x86
		{9A9C784D-7122-4BE6-BD8B-8C6EDEE8D1D0}.Debug|Any CPU.ActiveCfg = Debug|Any CPU
		{9A9C784D-7122-4BE6-BD8B-8C6EDEE8D1D0}.Debug|Any CPU.Build.0 = Debug|Any CPU
		{9A9C784D-7122-4BE6-BD8B-8C6EDEE8D1D0}.Debug|x86.ActiveCfg = Debug|x86
		{9A9C784D-7122-4BE6-BD8B-8C6EDEE8D1D0}.Debug|x86.Build.0 = Debug|x86
		{9A9C784D-7122-4BE6-BD8B-8C6EDEE8D1D0}.Release|Any CPU.ActiveCfg = Release|Any CPU
		{9A9C784D-7122-4BE6-BD8B-8C6EDEE8D1D0}.Release|Any CPU.Build.0 = Release|Any CPU
		{9A9C784D-7122-4BE6-BD8B-8C6EDEE8D1D0}.Release|x86.ActiveCfg = Release|x86
		{9A9C784D-7122-4BE6-BD8B-8C6EDEE8D1D0}.Release|x86.Build.0 = Release|x86
		{39DD23A6-4582-480C-9313-EF458295C3B0}.Debug|Any CPU.ActiveCfg = Debug|Any CPU
		{39DD23A6-4582-480C-9313-EF458295C3B0}.Debug|Any CPU.Build.0 = Debug|Any CPU
		{39DD23A6-4582-480C-9313-EF458295C3B0}.Debug|x86.ActiveCfg = Debug|x86
		{39DD23A6-4582-480C-9313-EF458295C3B0}.Debug|x86.Build.0 = Debug|x86
		{39DD23A6-4582-480C-9313-EF458295C3B0}.Release|Any CPU.ActiveCfg = Release|Any CPU
		{39DD23A6-4582-480C-9313-EF458295C3B0}.Release|Any CPU.Build.0 = Release|Any CPU
		{39DD23A6-4582-480C-9313-EF458295C3B0}.Release|x86.ActiveCfg = Release|x86
		{39DD23A6-4582-480C-9313-EF458295C3B0}.Release|x86.Build.0 = Release|x86
		{02CFB755-009F-49A0-A329-1750CD75F545}.Debug|Any CPU.ActiveCfg = Debug|Any CPU
		{02CFB755-009F-49A0-A329-1750CD75F545}.Debug|Any CPU.Build.0 = Debug|Any CPU
		{02CFB755-009F-49A0-A329-1750CD75F545}.Debug|x86.ActiveCfg = Debug|x86
		{02CFB755-009F-49A0-A329-1750CD75F545}.Debug|x86.Build.0 = Debug|x86
		{02CFB755-009F-49A0-A329-1750CD75F545}.Release|Any CPU.ActiveCfg = Release|Any CPU
		{02CFB755-009F-49A0-A329-1750CD75F545}.Release|Any CPU.Build.0 = Release|Any CPU
		{02CFB755-009F-49A0-A329-1750CD75F545}.Release|x86.ActiveCfg = Release|x86
		{02CFB755-009F-49A0-A329-1750CD75F545}.Release|x86.Build.0 = Release|x86
		{F169081C-451D-41E6-88D6-3A9BE1B598AC}.Debug|Any CPU.ActiveCfg = Debug|Any CPU
		{F169081C-451D-41E6-88D6-3A9BE1B598AC}.Debug|Any CPU.Build.0 = Debug|Any CPU
		{F169081C-451D-41E6-88D6-3A9BE1B598AC}.Debug|x86.ActiveCfg = Debug|x86
		{F169081C-451D-41E6-88D6-3A9BE1B598AC}.Debug|x86.Build.0 = Debug|x86
		{F169081C-451D-41E6-88D6-3A9BE1B598AC}.Release|Any CPU.ActiveCfg = Release|Any CPU
		{F169081C-451D-41E6-88D6-3A9BE1B598AC}.Release|Any CPU.Build.0 = Release|Any CPU
		{F169081C-451D-41E6-88D6-3A9BE1B598AC}.Release|x86.ActiveCfg = Release|x86
		{F169081C-451D-41E6-88D6-3A9BE1B598AC}.Release|x86.Build.0 = Release|x86
		{A4351936-4DD5-4512-B60D-339FF79B5251}.Debug|Any CPU.ActiveCfg = Debug|Any CPU
		{A4351936-4DD5-4512-B60D-339FF79B5251}.Debug|Any CPU.Build.0 = Debug|Any CPU
		{A4351936-4DD5-4512-B60D-339FF79B5251}.Debug|x86.ActiveCfg = Debug|x86
		{A4351936-4DD5-4512-B60D-339FF79B5251}.Debug|x86.Build.0 = Debug|x86
		{A4351936-4DD5-4512-B60D-339FF79B5251}.Release|Any CPU.ActiveCfg = Release|Any CPU
		{A4351936-4DD5-4512-B60D-339FF79B5251}.Release|Any CPU.Build.0 = Release|Any CPU
		{A4351936-4DD5-4512-B60D-339FF79B5251}.Release|x86.ActiveCfg = Release|x86
		{A4351936-4DD5-4512-B60D-339FF79B5251}.Release|x86.Build.0 = Release|x86
	EndGlobalSection
	GlobalSection(SolutionProperties) = preSolution
		HideSolutionNode = FALSE
	EndGlobalSection
EndGlobal
