
Microsoft Visual Studio Solution File, Format Version 11.00
# Visual Studio 2010
Project("{8BC9CEB8-8B4A-11D0-8D11-00A0C91BC942}") = "sodbc", "sodbc\sodbc.vcxproj", "{A172B3E3-784D-4BB7-BDA3-5D932A62F70E}"
EndProject
Project("{8BC9CEB8-8B4A-11D0-8D11-00A0C91BC942}") = "test_codbc", "test_codbc\test_codbc.vcxproj", "{3D2D60DE-3762-4A9D-A82A-315D164263A6}"
EndProject
Project("{FAE04EC0-301F-11D3-BF4B-00C04F79EFBC}") = "test_sharp", "test_sharp\test_sharp.csproj", "{00B3FAA7-0E56-4A5E-9992-C0351BCC1AC4}"
EndProject
Project("{8BC9CEB8-8B4A-11D0-8D11-00A0C91BC942}") = "test_sodbc", "test_sodbc\test_sodbc.vcxproj", "{1AF1223B-16E5-4242-9781-4215BE6B6EB2}"
EndProject
Project("{FAE04EC0-301F-11D3-BF4B-00C04F79EFBC}") = "netferf", "netperf\netferf.csproj", "{43A07740-F644-4FCF-A006-2C9CCF822CAD}"
EndProject
Project("{FAE04EC0-301F-11D3-BF4B-00C04F79EFBC}") = "odbcperf", "onperf\odbcperf.csproj", "{848291AB-8DF7-40D9-815F-5669FAB71B18}"
EndProject
Global
	GlobalSection(SolutionConfigurationPlatforms) = preSolution
		Debug|Any CPU = Debug|Any CPU
		Debug|Mixed Platforms = Debug|Mixed Platforms
		Debug|Win32 = Debug|Win32
		Debug|x64 = Debug|x64
		Debug|x86 = Debug|x86
		Release|Any CPU = Release|Any CPU
		Release|Mixed Platforms = Release|Mixed Platforms
		Release|Win32 = Release|Win32
		Release|x64 = Release|x64
		Release|x86 = Release|x86
	EndGlobalSection
	GlobalSection(ProjectConfigurationPlatforms) = postSolution
		{A172B3E3-784D-4BB7-BDA3-5D932A62F70E}.Debug|Any CPU.ActiveCfg = Debug|x64
		{A172B3E3-784D-4BB7-BDA3-5D932A62F70E}.Debug|Mixed Platforms.ActiveCfg = Debug|x64
		{A172B3E3-784D-4BB7-BDA3-5D932A62F70E}.Debug|Mixed Platforms.Build.0 = Debug|x64
		{A172B3E3-784D-4BB7-BDA3-5D932A62F70E}.Debug|Win32.ActiveCfg = Debug|Win32
		{A172B3E3-784D-4BB7-BDA3-5D932A62F70E}.Debug|Win32.Build.0 = Debug|Win32
		{A172B3E3-784D-4BB7-BDA3-5D932A62F70E}.Debug|x64.ActiveCfg = Debug|x64
		{A172B3E3-784D-4BB7-BDA3-5D932A62F70E}.Debug|x64.Build.0 = Debug|x64
		{A172B3E3-784D-4BB7-BDA3-5D932A62F70E}.Debug|x86.ActiveCfg = Debug|x64
		{A172B3E3-784D-4BB7-BDA3-5D932A62F70E}.Release|Any CPU.ActiveCfg = Release|x64
		{A172B3E3-784D-4BB7-BDA3-5D932A62F70E}.Release|Mixed Platforms.ActiveCfg = Release|x64
		{A172B3E3-784D-4BB7-BDA3-5D932A62F70E}.Release|Mixed Platforms.Build.0 = Release|x64
		{A172B3E3-784D-4BB7-BDA3-5D932A62F70E}.Release|Win32.ActiveCfg = Release|Win32
		{A172B3E3-784D-4BB7-BDA3-5D932A62F70E}.Release|Win32.Build.0 = Release|Win32
		{A172B3E3-784D-4BB7-BDA3-5D932A62F70E}.Release|x64.ActiveCfg = Release|x64
		{A172B3E3-784D-4BB7-BDA3-5D932A62F70E}.Release|x64.Build.0 = Release|x64
		{A172B3E3-784D-4BB7-BDA3-5D932A62F70E}.Release|x86.ActiveCfg = Release|x64
		{3D2D60DE-3762-4A9D-A82A-315D164263A6}.Debug|Any CPU.ActiveCfg = Debug|x64
		{3D2D60DE-3762-4A9D-A82A-315D164263A6}.Debug|Mixed Platforms.ActiveCfg = Debug|x64
		{3D2D60DE-3762-4A9D-A82A-315D164263A6}.Debug|Mixed Platforms.Build.0 = Debug|x64
		{3D2D60DE-3762-4A9D-A82A-315D164263A6}.Debug|Win32.ActiveCfg = Debug|Win32
		{3D2D60DE-3762-4A9D-A82A-315D164263A6}.Debug|Win32.Build.0 = Debug|Win32
		{3D2D60DE-3762-4A9D-A82A-315D164263A6}.Debug|x64.ActiveCfg = Debug|x64
		{3D2D60DE-3762-4A9D-A82A-315D164263A6}.Debug|x64.Build.0 = Debug|x64
		{3D2D60DE-3762-4A9D-A82A-315D164263A6}.Debug|x86.ActiveCfg = Debug|x64
		{3D2D60DE-3762-4A9D-A82A-315D164263A6}.Release|Any CPU.ActiveCfg = Release|x64
		{3D2D60DE-3762-4A9D-A82A-315D164263A6}.Release|Mixed Platforms.ActiveCfg = Release|x64
		{3D2D60DE-3762-4A9D-A82A-315D164263A6}.Release|Mixed Platforms.Build.0 = Release|x64
		{3D2D60DE-3762-4A9D-A82A-315D164263A6}.Release|Win32.ActiveCfg = Release|Win32
		{3D2D60DE-3762-4A9D-A82A-315D164263A6}.Release|Win32.Build.0 = Release|Win32
		{3D2D60DE-3762-4A9D-A82A-315D164263A6}.Release|x64.ActiveCfg = Release|x64
		{3D2D60DE-3762-4A9D-A82A-315D164263A6}.Release|x64.Build.0 = Release|x64
		{3D2D60DE-3762-4A9D-A82A-315D164263A6}.Release|x86.ActiveCfg = Release|x64
		{00B3FAA7-0E56-4A5E-9992-C0351BCC1AC4}.Debug|Any CPU.ActiveCfg = Debug|Any CPU
		{00B3FAA7-0E56-4A5E-9992-C0351BCC1AC4}.Debug|Any CPU.Build.0 = Debug|Any CPU
		{00B3FAA7-0E56-4A5E-9992-C0351BCC1AC4}.Debug|Mixed Platforms.ActiveCfg = Debug|Any CPU
		{00B3FAA7-0E56-4A5E-9992-C0351BCC1AC4}.Debug|Mixed Platforms.Build.0 = Debug|Any CPU
		{00B3FAA7-0E56-4A5E-9992-C0351BCC1AC4}.Debug|Win32.ActiveCfg = Debug|Any CPU
		{00B3FAA7-0E56-4A5E-9992-C0351BCC1AC4}.Debug|x64.ActiveCfg = Debug|Any CPU
		{00B3FAA7-0E56-4A5E-9992-C0351BCC1AC4}.Debug|x86.ActiveCfg = Debug|Any CPU
		{00B3FAA7-0E56-4A5E-9992-C0351BCC1AC4}.Release|Any CPU.ActiveCfg = Release|Any CPU
		{00B3FAA7-0E56-4A5E-9992-C0351BCC1AC4}.Release|Any CPU.Build.0 = Release|Any CPU
		{00B3FAA7-0E56-4A5E-9992-C0351BCC1AC4}.Release|Mixed Platforms.ActiveCfg = Release|Any CPU
		{00B3FAA7-0E56-4A5E-9992-C0351BCC1AC4}.Release|Mixed Platforms.Build.0 = Release|Any CPU
		{00B3FAA7-0E56-4A5E-9992-C0351BCC1AC4}.Release|Win32.ActiveCfg = Release|Any CPU
		{00B3FAA7-0E56-4A5E-9992-C0351BCC1AC4}.Release|x64.ActiveCfg = Release|Any CPU
		{00B3FAA7-0E56-4A5E-9992-C0351BCC1AC4}.Release|x86.ActiveCfg = Release|Any CPU
		{1AF1223B-16E5-4242-9781-4215BE6B6EB2}.Debug|Any CPU.ActiveCfg = Debug|x64
		{1AF1223B-16E5-4242-9781-4215BE6B6EB2}.Debug|Mixed Platforms.ActiveCfg = Debug|x64
		{1AF1223B-16E5-4242-9781-4215BE6B6EB2}.Debug|Mixed Platforms.Build.0 = Debug|x64
		{1AF1223B-16E5-4242-9781-4215BE6B6EB2}.Debug|Win32.ActiveCfg = Debug|Win32
		{1AF1223B-16E5-4242-9781-4215BE6B6EB2}.Debug|Win32.Build.0 = Debug|Win32
		{1AF1223B-16E5-4242-9781-4215BE6B6EB2}.Debug|x64.ActiveCfg = Debug|x64
		{1AF1223B-16E5-4242-9781-4215BE6B6EB2}.Debug|x64.Build.0 = Debug|x64
		{1AF1223B-16E5-4242-9781-4215BE6B6EB2}.Debug|x86.ActiveCfg = Debug|x64
		{1AF1223B-16E5-4242-9781-4215BE6B6EB2}.Release|Any CPU.ActiveCfg = Release|x64
		{1AF1223B-16E5-4242-9781-4215BE6B6EB2}.Release|Mixed Platforms.ActiveCfg = Release|x64
		{1AF1223B-16E5-4242-9781-4215BE6B6EB2}.Release|Mixed Platforms.Build.0 = Release|x64
		{1AF1223B-16E5-4242-9781-4215BE6B6EB2}.Release|Win32.ActiveCfg = Release|Win32
		{1AF1223B-16E5-4242-9781-4215BE6B6EB2}.Release|Win32.Build.0 = Release|Win32
		{1AF1223B-16E5-4242-9781-4215BE6B6EB2}.Release|x64.ActiveCfg = Release|x64
		{1AF1223B-16E5-4242-9781-4215BE6B6EB2}.Release|x64.Build.0 = Release|x64
		{1AF1223B-16E5-4242-9781-4215BE6B6EB2}.Release|x86.ActiveCfg = Release|x64
		{43A07740-F644-4FCF-A006-2C9CCF822CAD}.Debug|Any CPU.ActiveCfg = Debug|Any CPU
		{43A07740-F644-4FCF-A006-2C9CCF822CAD}.Debug|Any CPU.Build.0 = Debug|Any CPU
		{43A07740-F644-4FCF-A006-2C9CCF822CAD}.Debug|Mixed Platforms.ActiveCfg = Debug|Any CPU
		{43A07740-F644-4FCF-A006-2C9CCF822CAD}.Debug|Mixed Platforms.Build.0 = Debug|Any CPU
		{43A07740-F644-4FCF-A006-2C9CCF822CAD}.Debug|Win32.ActiveCfg = Debug|Any CPU
		{43A07740-F644-4FCF-A006-2C9CCF822CAD}.Debug|x64.ActiveCfg = Debug|Any CPU
		{43A07740-F644-4FCF-A006-2C9CCF822CAD}.Debug|x86.ActiveCfg = Debug|Any CPU
		{43A07740-F644-4FCF-A006-2C9CCF822CAD}.Release|Any CPU.ActiveCfg = Release|Any CPU
		{43A07740-F644-4FCF-A006-2C9CCF822CAD}.Release|Any CPU.Build.0 = Release|Any CPU
		{43A07740-F644-4FCF-A006-2C9CCF822CAD}.Release|Mixed Platforms.ActiveCfg = Release|Any CPU
		{43A07740-F644-4FCF-A006-2C9CCF822CAD}.Release|Mixed Platforms.Build.0 = Release|Any CPU
		{43A07740-F644-4FCF-A006-2C9CCF822CAD}.Release|Win32.ActiveCfg = Release|Any CPU
		{43A07740-F644-4FCF-A006-2C9CCF822CAD}.Release|x64.ActiveCfg = Release|Any CPU
		{43A07740-F644-4FCF-A006-2C9CCF822CAD}.Release|x86.ActiveCfg = Release|Any CPU
		{848291AB-8DF7-40D9-815F-5669FAB71B18}.Debug|Any CPU.ActiveCfg = Debug|Any CPU
		{848291AB-8DF7-40D9-815F-5669FAB71B18}.Debug|Any CPU.Build.0 = Debug|Any CPU
		{848291AB-8DF7-40D9-815F-5669FAB71B18}.Debug|Mixed Platforms.ActiveCfg = Debug|Any CPU
		{848291AB-8DF7-40D9-815F-5669FAB71B18}.Debug|Mixed Platforms.Build.0 = Debug|Any CPU
		{848291AB-8DF7-40D9-815F-5669FAB71B18}.Debug|Win32.ActiveCfg = Debug|Any CPU
		{848291AB-8DF7-40D9-815F-5669FAB71B18}.Debug|x64.ActiveCfg = Debug|x86
		{848291AB-8DF7-40D9-815F-5669FAB71B18}.Debug|x86.ActiveCfg = Debug|x86
		{848291AB-8DF7-40D9-815F-5669FAB71B18}.Debug|x86.Build.0 = Debug|x86
		{848291AB-8DF7-40D9-815F-5669FAB71B18}.Release|Any CPU.ActiveCfg = Release|Any CPU
		{848291AB-8DF7-40D9-815F-5669FAB71B18}.Release|Any CPU.Build.0 = Release|Any CPU
		{848291AB-8DF7-40D9-815F-5669FAB71B18}.Release|Mixed Platforms.ActiveCfg = Release|Any CPU
		{848291AB-8DF7-40D9-815F-5669FAB71B18}.Release|Mixed Platforms.Build.0 = Release|Any CPU
		{848291AB-8DF7-40D9-815F-5669FAB71B18}.Release|Win32.ActiveCfg = Release|Any CPU
		{848291AB-8DF7-40D9-815F-5669FAB71B18}.Release|x64.ActiveCfg = Release|x86
		{848291AB-8DF7-40D9-815F-5669FAB71B18}.Release|x86.ActiveCfg = Release|x86
		{848291AB-8DF7-40D9-815F-5669FAB71B18}.Release|x86.Build.0 = Release|x86
	EndGlobalSection
	GlobalSection(SolutionProperties) = preSolution
		HideSolutionNode = FALSE
	EndGlobalSection
EndGlobal
