
Microsoft Visual Studio Solution File, Format Version 12.00
# Visual Studio Version 16
VisualStudioVersion = 16.0.31205.134
MinimumVisualStudioVersion = 10.0.40219.1
Project("{9A19103F-16F7-4668-BE54-9A1E7A4F7556}") = "myclienttests", "myclienttests.csproj", "{BE8E3D5E-76C9-4BF5-BD73-04EFDA2DD307}"
EndProject
Project("{9A19103F-16F7-4668-BE54-9A1E7A4F7556}") = "Microsoft.Data.SqlClient", "..\..\..\..\cyetest\SqlClient\src\Microsoft.Data.SqlClient\netcore\src\Microsoft.Data.SqlClient.csproj", "{6E75F789-E820-40BA-AE08-1A32029343F4}"
EndProject
Global
	GlobalSection(SolutionConfigurationPlatforms) = preSolution
		Debug|Any CPU = Debug|Any CPU
		Debug|x64 = Debug|x64
		Debug|x86 = Debug|x86
		net461-Debug|Any CPU = net461-Debug|Any CPU
		net461-Debug|x64 = net461-Debug|x64
		net461-Debug|x86 = net461-Debug|x86
		net461-Release|Any CPU = net461-Release|Any CPU
		net461-Release|x64 = net461-Release|x64
		net461-Release|x86 = net461-Release|x86
		netcoreapp2.1-Debug|Any CPU = netcoreapp2.1-Debug|Any CPU
		netcoreapp2.1-Debug|x64 = netcoreapp2.1-Debug|x64
		netcoreapp2.1-Debug|x86 = netcoreapp2.1-Debug|x86
		netcoreapp2.1-Release|Any CPU = netcoreapp2.1-Release|Any CPU
		netcoreapp2.1-Release|x64 = netcoreapp2.1-Release|x64
		netcoreapp2.1-Release|x86 = netcoreapp2.1-Release|x86
		netcoreapp3.1-Debug|Any CPU = netcoreapp3.1-Debug|Any CPU
		netcoreapp3.1-Debug|x64 = netcoreapp3.1-Debug|x64
		netcoreapp3.1-Debug|x86 = netcoreapp3.1-Debug|x86
		netcoreapp3.1-Release|Any CPU = netcoreapp3.1-Release|Any CPU
		netcoreapp3.1-Release|x64 = netcoreapp3.1-Release|x64
		netcoreapp3.1-Release|x86 = netcoreapp3.1-Release|x86
		Release|Any CPU = Release|Any CPU
		Release|x64 = Release|x64
		Release|x86 = Release|x86
	EndGlobalSection
	GlobalSection(ProjectConfigurationPlatforms) = postSolution
		{BE8E3D5E-76C9-4BF5-BD73-04EFDA2DD307}.Debug|Any CPU.ActiveCfg = Debug|Any CPU
		{BE8E3D5E-76C9-4BF5-BD73-04EFDA2DD307}.Debug|Any CPU.Build.0 = Debug|Any CPU
		{BE8E3D5E-76C9-4BF5-BD73-04EFDA2DD307}.Debug|x64.ActiveCfg = Debug|Any CPU
		{BE8E3D5E-76C9-4BF5-BD73-04EFDA2DD307}.Debug|x64.Build.0 = Debug|Any CPU
		{BE8E3D5E-76C9-4BF5-BD73-04EFDA2DD307}.Debug|x86.ActiveCfg = Debug|Any CPU
		{BE8E3D5E-76C9-4BF5-BD73-04EFDA2DD307}.Debug|x86.Build.0 = Debug|Any CPU
		{BE8E3D5E-76C9-4BF5-BD73-04EFDA2DD307}.net461-Debug|Any CPU.ActiveCfg = Debug|Any CPU
		{BE8E3D5E-76C9-4BF5-BD73-04EFDA2DD307}.net461-Debug|Any CPU.Build.0 = Debug|Any CPU
		{BE8E3D5E-76C9-4BF5-BD73-04EFDA2DD307}.net461-Debug|x64.ActiveCfg = Debug|Any CPU
		{BE8E3D5E-76C9-4BF5-BD73-04EFDA2DD307}.net461-Debug|x64.Build.0 = Debug|Any CPU
		{BE8E3D5E-76C9-4BF5-BD73-04EFDA2DD307}.net461-Debug|x86.ActiveCfg = Debug|Any CPU
		{BE8E3D5E-76C9-4BF5-BD73-04EFDA2DD307}.net461-Debug|x86.Build.0 = Debug|Any CPU
		{BE8E3D5E-76C9-4BF5-BD73-04EFDA2DD307}.net461-Release|Any CPU.ActiveCfg = Release|Any CPU
		{BE8E3D5E-76C9-4BF5-BD73-04EFDA2DD307}.net461-Release|Any CPU.Build.0 = Release|Any CPU
		{BE8E3D5E-76C9-4BF5-BD73-04EFDA2DD307}.net461-Release|x64.ActiveCfg = Release|Any CPU
		{BE8E3D5E-76C9-4BF5-BD73-04EFDA2DD307}.net461-Release|x64.Build.0 = Release|Any CPU
		{BE8E3D5E-76C9-4BF5-BD73-04EFDA2DD307}.net461-Release|x86.ActiveCfg = Release|Any CPU
		{BE8E3D5E-76C9-4BF5-BD73-04EFDA2DD307}.net461-Release|x86.Build.0 = Release|Any CPU
		{BE8E3D5E-76C9-4BF5-BD73-04EFDA2DD307}.netcoreapp2.1-Debug|Any CPU.ActiveCfg = Debug|Any CPU
		{BE8E3D5E-76C9-4BF5-BD73-04EFDA2DD307}.netcoreapp2.1-Debug|Any CPU.Build.0 = Debug|Any CPU
		{BE8E3D5E-76C9-4BF5-BD73-04EFDA2DD307}.netcoreapp2.1-Debug|x64.ActiveCfg = Debug|Any CPU
		{BE8E3D5E-76C9-4BF5-BD73-04EFDA2DD307}.netcoreapp2.1-Debug|x64.Build.0 = Debug|Any CPU
		{BE8E3D5E-76C9-4BF5-BD73-04EFDA2DD307}.netcoreapp2.1-Debug|x86.ActiveCfg = Debug|Any CPU
		{BE8E3D5E-76C9-4BF5-BD73-04EFDA2DD307}.netcoreapp2.1-Debug|x86.Build.0 = Debug|Any CPU
		{BE8E3D5E-76C9-4BF5-BD73-04EFDA2DD307}.netcoreapp2.1-Release|Any CPU.ActiveCfg = Release|Any CPU
		{BE8E3D5E-76C9-4BF5-BD73-04EFDA2DD307}.netcoreapp2.1-Release|Any CPU.Build.0 = Release|Any CPU
		{BE8E3D5E-76C9-4BF5-BD73-04EFDA2DD307}.netcoreapp2.1-Release|x64.ActiveCfg = Release|Any CPU
		{BE8E3D5E-76C9-4BF5-BD73-04EFDA2DD307}.netcoreapp2.1-Release|x64.Build.0 = Release|Any CPU
		{BE8E3D5E-76C9-4BF5-BD73-04EFDA2DD307}.netcoreapp2.1-Release|x86.ActiveCfg = Release|Any CPU
		{BE8E3D5E-76C9-4BF5-BD73-04EFDA2DD307}.netcoreapp2.1-Release|x86.Build.0 = Release|Any CPU
		{BE8E3D5E-76C9-4BF5-BD73-04EFDA2DD307}.netcoreapp3.1-Debug|Any CPU.ActiveCfg = Debug|Any CPU
		{BE8E3D5E-76C9-4BF5-BD73-04EFDA2DD307}.netcoreapp3.1-Debug|Any CPU.Build.0 = Debug|Any CPU
		{BE8E3D5E-76C9-4BF5-BD73-04EFDA2DD307}.netcoreapp3.1-Debug|x64.ActiveCfg = Debug|Any CPU
		{BE8E3D5E-76C9-4BF5-BD73-04EFDA2DD307}.netcoreapp3.1-Debug|x64.Build.0 = Debug|Any CPU
		{BE8E3D5E-76C9-4BF5-BD73-04EFDA2DD307}.netcoreapp3.1-Debug|x86.ActiveCfg = Debug|Any CPU
		{BE8E3D5E-76C9-4BF5-BD73-04EFDA2DD307}.netcoreapp3.1-Debug|x86.Build.0 = Debug|Any CPU
		{BE8E3D5E-76C9-4BF5-BD73-04EFDA2DD307}.netcoreapp3.1-Release|Any CPU.ActiveCfg = Release|Any CPU
		{BE8E3D5E-76C9-4BF5-BD73-04EFDA2DD307}.netcoreapp3.1-Release|Any CPU.Build.0 = Release|Any CPU
		{BE8E3D5E-76C9-4BF5-BD73-04EFDA2DD307}.netcoreapp3.1-Release|x64.ActiveCfg = Release|Any CPU
		{BE8E3D5E-76C9-4BF5-BD73-04EFDA2DD307}.netcoreapp3.1-Release|x64.Build.0 = Release|Any CPU
		{BE8E3D5E-76C9-4BF5-BD73-04EFDA2DD307}.netcoreapp3.1-Release|x86.ActiveCfg = Release|Any CPU
		{BE8E3D5E-76C9-4BF5-BD73-04EFDA2DD307}.netcoreapp3.1-Release|x86.Build.0 = Release|Any CPU
		{BE8E3D5E-76C9-4BF5-BD73-04EFDA2DD307}.Release|Any CPU.ActiveCfg = Release|Any CPU
		{BE8E3D5E-76C9-4BF5-BD73-04EFDA2DD307}.Release|Any CPU.Build.0 = Release|Any CPU
		{BE8E3D5E-76C9-4BF5-BD73-04EFDA2DD307}.Release|x64.ActiveCfg = Release|Any CPU
		{BE8E3D5E-76C9-4BF5-BD73-04EFDA2DD307}.Release|x64.Build.0 = Release|Any CPU
		{BE8E3D5E-76C9-4BF5-BD73-04EFDA2DD307}.Release|x86.ActiveCfg = Release|Any CPU
		{BE8E3D5E-76C9-4BF5-BD73-04EFDA2DD307}.Release|x86.Build.0 = Release|Any CPU
		{6E75F789-E820-40BA-AE08-1A32029343F4}.Debug|Any CPU.ActiveCfg = Debug|Any CPU
		{6E75F789-E820-40BA-AE08-1A32029343F4}.Debug|Any CPU.Build.0 = Debug|Any CPU
		{6E75F789-E820-40BA-AE08-1A32029343F4}.Debug|x64.ActiveCfg = Debug|x64
		{6E75F789-E820-40BA-AE08-1A32029343F4}.Debug|x64.Build.0 = Debug|x64
		{6E75F789-E820-40BA-AE08-1A32029343F4}.Debug|x86.ActiveCfg = Debug|x86
		{6E75F789-E820-40BA-AE08-1A32029343F4}.Debug|x86.Build.0 = Debug|x86
		{6E75F789-E820-40BA-AE08-1A32029343F4}.net461-Debug|Any CPU.ActiveCfg = Debug|Any CPU
		{6E75F789-E820-40BA-AE08-1A32029343F4}.net461-Debug|Any CPU.Build.0 = Debug|Any CPU
		{6E75F789-E820-40BA-AE08-1A32029343F4}.net461-Debug|x64.ActiveCfg = Debug|x64
		{6E75F789-E820-40BA-AE08-1A32029343F4}.net461-Debug|x64.Build.0 = Debug|x64
		{6E75F789-E820-40BA-AE08-1A32029343F4}.net461-Debug|x86.ActiveCfg = Debug|x86
		{6E75F789-E820-40BA-AE08-1A32029343F4}.net461-Debug|x86.Build.0 = Debug|x86
		{6E75F789-E820-40BA-AE08-1A32029343F4}.net461-Release|Any CPU.ActiveCfg = Release|Any CPU
		{6E75F789-E820-40BA-AE08-1A32029343F4}.net461-Release|Any CPU.Build.0 = Release|Any CPU
		{6E75F789-E820-40BA-AE08-1A32029343F4}.net461-Release|x64.ActiveCfg = Release|x64
		{6E75F789-E820-40BA-AE08-1A32029343F4}.net461-Release|x64.Build.0 = Release|x64
		{6E75F789-E820-40BA-AE08-1A32029343F4}.net461-Release|x86.ActiveCfg = Release|x86
		{6E75F789-E820-40BA-AE08-1A32029343F4}.net461-Release|x86.Build.0 = Release|x86
		{6E75F789-E820-40BA-AE08-1A32029343F4}.netcoreapp2.1-Debug|Any CPU.ActiveCfg = netcoreapp2.1-Debug|Any CPU
		{6E75F789-E820-40BA-AE08-1A32029343F4}.netcoreapp2.1-Debug|Any CPU.Build.0 = netcoreapp2.1-Debug|Any CPU
		{6E75F789-E820-40BA-AE08-1A32029343F4}.netcoreapp2.1-Debug|x64.ActiveCfg = netcoreapp2.1-Debug|x64
		{6E75F789-E820-40BA-AE08-1A32029343F4}.netcoreapp2.1-Debug|x64.Build.0 = netcoreapp2.1-Debug|x64
		{6E75F789-E820-40BA-AE08-1A32029343F4}.netcoreapp2.1-Debug|x86.ActiveCfg = netcoreapp2.1-Debug|x86
		{6E75F789-E820-40BA-AE08-1A32029343F4}.netcoreapp2.1-Debug|x86.Build.0 = netcoreapp2.1-Debug|x86
		{6E75F789-E820-40BA-AE08-1A32029343F4}.netcoreapp2.1-Release|Any CPU.ActiveCfg = netcoreapp2.1-Release|Any CPU
		{6E75F789-E820-40BA-AE08-1A32029343F4}.netcoreapp2.1-Release|Any CPU.Build.0 = netcoreapp2.1-Release|Any CPU
		{6E75F789-E820-40BA-AE08-1A32029343F4}.netcoreapp2.1-Release|x64.ActiveCfg = netcoreapp2.1-Release|x64
		{6E75F789-E820-40BA-AE08-1A32029343F4}.netcoreapp2.1-Release|x64.Build.0 = netcoreapp2.1-Release|x64
		{6E75F789-E820-40BA-AE08-1A32029343F4}.netcoreapp2.1-Release|x86.ActiveCfg = netcoreapp2.1-Release|x86
		{6E75F789-E820-40BA-AE08-1A32029343F4}.netcoreapp2.1-Release|x86.Build.0 = netcoreapp2.1-Release|x86
		{6E75F789-E820-40BA-AE08-1A32029343F4}.netcoreapp3.1-Debug|Any CPU.ActiveCfg = netcoreapp3.1-Debug|Any CPU
		{6E75F789-E820-40BA-AE08-1A32029343F4}.netcoreapp3.1-Debug|Any CPU.Build.0 = netcoreapp3.1-Debug|Any CPU
		{6E75F789-E820-40BA-AE08-1A32029343F4}.netcoreapp3.1-Debug|x64.ActiveCfg = netcoreapp3.1-Debug|x64
		{6E75F789-E820-40BA-AE08-1A32029343F4}.netcoreapp3.1-Debug|x64.Build.0 = netcoreapp3.1-Debug|x64
		{6E75F789-E820-40BA-AE08-1A32029343F4}.netcoreapp3.1-Debug|x86.ActiveCfg = netcoreapp3.1-Debug|x86
		{6E75F789-E820-40BA-AE08-1A32029343F4}.netcoreapp3.1-Debug|x86.Build.0 = netcoreapp3.1-Debug|x86
		{6E75F789-E820-40BA-AE08-1A32029343F4}.netcoreapp3.1-Release|Any CPU.ActiveCfg = netcoreapp3.1-Release|Any CPU
		{6E75F789-E820-40BA-AE08-1A32029343F4}.netcoreapp3.1-Release|Any CPU.Build.0 = netcoreapp3.1-Release|Any CPU
		{6E75F789-E820-40BA-AE08-1A32029343F4}.netcoreapp3.1-Release|x64.ActiveCfg = netcoreapp3.1-Release|x64
		{6E75F789-E820-40BA-AE08-1A32029343F4}.netcoreapp3.1-Release|x64.Build.0 = netcoreapp3.1-Release|x64
		{6E75F789-E820-40BA-AE08-1A32029343F4}.netcoreapp3.1-Release|x86.ActiveCfg = netcoreapp3.1-Release|x86
		{6E75F789-E820-40BA-AE08-1A32029343F4}.netcoreapp3.1-Release|x86.Build.0 = netcoreapp3.1-Release|x86
		{6E75F789-E820-40BA-AE08-1A32029343F4}.Release|Any CPU.ActiveCfg = Release|Any CPU
		{6E75F789-E820-40BA-AE08-1A32029343F4}.Release|Any CPU.Build.0 = Release|Any CPU
		{6E75F789-E820-40BA-AE08-1A32029343F4}.Release|x64.ActiveCfg = Release|x64
		{6E75F789-E820-40BA-AE08-1A32029343F4}.Release|x64.Build.0 = Release|x64
		{6E75F789-E820-40BA-AE08-1A32029343F4}.Release|x86.ActiveCfg = Release|x86
		{6E75F789-E820-40BA-AE08-1A32029343F4}.Release|x86.Build.0 = Release|x86
	EndGlobalSection
	GlobalSection(SolutionProperties) = preSolution
		HideSolutionNode = FALSE
	EndGlobalSection
	GlobalSection(ExtensibilityGlobals) = postSolution
		SolutionGuid = {5EAAFAA6-FE16-4FDF-9E71-2D95DADE90D5}
	EndGlobalSection
EndGlobal
