
Microsoft Visual Studio Solution File, Format Version 11.00
# Visual Studio 2010
Project("{FAE04EC0-301F-11D3-BF4B-00C04F79EFBC}") = "dotnet", "dotnet\dotnet.csproj", "{15B13728-B5BD-4A38-A91E-4E5426EDAA7D}"
EndProject
Project("{8BC9CEB8-8B4A-11D0-8D11-00A0C91BC942}") = "cplusplus", "cplusplus\cplusplus.vcxproj", "{3F8DC7EB-695B-43B9-8898-F17F51202278}"
EndProject
Global
	GlobalSection(SolutionConfigurationPlatforms) = preSolution
		Debug|Any CPU = Debug|Any CPU
		Debug|Mixed Platforms = Debug|Mixed Platforms
		Debug|Win32 = Debug|Win32
		Debug|x64 = Debug|x64
		Release|Any CPU = Release|Any CPU
		Release|Mixed Platforms = Release|Mixed Platforms
		Release|Win32 = Release|Win32
		Release|x64 = Release|x64
	EndGlobalSection
	GlobalSection(ProjectConfigurationPlatforms) = postSolution
		{15B13728-B5BD-4A38-A91E-4E5426EDAA7D}.Debug|Any CPU.ActiveCfg = Debug|Any CPU
		{15B13728-B5BD-4A38-A91E-4E5426EDAA7D}.Debug|Any CPU.Build.0 = Debug|Any CPU
		{15B13728-B5BD-4A38-A91E-4E5426EDAA7D}.Debug|Mixed Platforms.ActiveCfg = Debug|Any CPU
		{15B13728-B5BD-4A38-A91E-4E5426EDAA7D}.Debug|Mixed Platforms.Build.0 = Debug|Any CPU
		{15B13728-B5BD-4A38-A91E-4E5426EDAA7D}.Debug|Win32.ActiveCfg = Debug|Any CPU
		{15B13728-B5BD-4A38-A91E-4E5426EDAA7D}.Debug|x64.ActiveCfg = Debug|Any CPU
		{15B13728-B5BD-4A38-A91E-4E5426EDAA7D}.Release|Any CPU.ActiveCfg = Release|Any CPU
		{15B13728-B5BD-4A38-A91E-4E5426EDAA7D}.Release|Any CPU.Build.0 = Release|Any CPU
		{15B13728-B5BD-4A38-A91E-4E5426EDAA7D}.Release|Mixed Platforms.ActiveCfg = Release|Any CPU
		{15B13728-B5BD-4A38-A91E-4E5426EDAA7D}.Release|Mixed Platforms.Build.0 = Release|Any CPU
		{15B13728-B5BD-4A38-A91E-4E5426EDAA7D}.Release|Win32.ActiveCfg = Release|Any CPU
		{15B13728-B5BD-4A38-A91E-4E5426EDAA7D}.Release|x64.ActiveCfg = Release|Any CPU
		{3F8DC7EB-695B-43B9-8898-F17F51202278}.Debug|Any CPU.ActiveCfg = Debug|x64
		{3F8DC7EB-695B-43B9-8898-F17F51202278}.Debug|Mixed Platforms.ActiveCfg = Debug|x64
		{3F8DC7EB-695B-43B9-8898-F17F51202278}.Debug|Mixed Platforms.Build.0 = Debug|x64
		{3F8DC7EB-695B-43B9-8898-F17F51202278}.Debug|Win32.ActiveCfg = Debug|Win32
		{3F8DC7EB-695B-43B9-8898-F17F51202278}.Debug|Win32.Build.0 = Debug|Win32
		{3F8DC7EB-695B-43B9-8898-F17F51202278}.Debug|x64.ActiveCfg = Debug|x64
		{3F8DC7EB-695B-43B9-8898-F17F51202278}.Debug|x64.Build.0 = Debug|x64
		{3F8DC7EB-695B-43B9-8898-F17F51202278}.Release|Any CPU.ActiveCfg = Release|x64
		{3F8DC7EB-695B-43B9-8898-F17F51202278}.Release|Mixed Platforms.ActiveCfg = Release|x64
		{3F8DC7EB-695B-43B9-8898-F17F51202278}.Release|Mixed Platforms.Build.0 = Release|x64
		{3F8DC7EB-695B-43B9-8898-F17F51202278}.Release|Win32.ActiveCfg = Release|Win32
		{3F8DC7EB-695B-43B9-8898-F17F51202278}.Release|Win32.Build.0 = Release|Win32
		{3F8DC7EB-695B-43B9-8898-F17F51202278}.Release|x64.ActiveCfg = Release|x64
		{3F8DC7EB-695B-43B9-8898-F17F51202278}.Release|x64.Build.0 = Release|x64
	EndGlobalSection
	GlobalSection(SolutionProperties) = preSolution
		HideSolutionNode = FALSE
	EndGlobalSection
EndGlobal
