
Microsoft Visual Studio Solution File, Format Version 11.00
# Visual Studio 2010
Project("{54435603-DBB4-11D2-8724-00A0C9A8B90C}") = "Spinstaller", "Spinstaller\Spinstaller.vdproj", "{0A62A943-D7E4-4C67-AB43-966DB88C9822}"
EndProject
Global
	GlobalSection(SolutionConfigurationPlatforms) = preSolution
		Debug|Default = Debug|Default
		Release|Default = Release|Default
	EndGlobalSection
	GlobalSection(ProjectConfigurationPlatforms) = postSolution
		{0A62A943-D7E4-4C67-AB43-966DB88C9822}.Debug|Default.ActiveCfg = Debug
		{0A62A943-D7E4-4C67-AB43-966DB88C9822}.Debug|Default.Build.0 = Debug
		{0A62A943-D7E4-4C67-AB43-966DB88C9822}.Release|Default.ActiveCfg = Release
		{0A62A943-D7E4-4C67-AB43-966DB88C9822}.Release|Default.Build.0 = Release
	EndGlobalSection
	GlobalSection(SolutionProperties) = preSolution
		HideSolutionNode = FALSE
	EndGlobalSection
EndGlobal
