
Microsoft Visual Studio Solution File, Format Version 12.00
# Visual Studio 15
VisualStudioVersion = 15.0.28307.1062
MinimumVisualStudioVersion = 10.0.40219.1
Project("{8BC9CEB8-8B4A-11D0-8D11-00A0C91BC942}") = "servercpp", "servercpp\servercpp.vcxproj", "{C5DFF1EA-A1BD-44C6-8E48-857EBF896C9C}"
EndProject
Project("{8BC9CEB8-8B4A-11D0-8D11-00A0C91BC942}") = "clientcpp", "clientcpp\clientcpp.vcxproj", "{9F6721BD-A658-496C-87CC-14165D1D7DAE}"
EndProject
Global
	GlobalSection(SolutionConfigurationPlatforms) = preSolution
		Debug|x64 = Debug|x64
		Debug|x86 = Debug|x86
		Release|x64 = Release|x64
		Release|x86 = Release|x86
	EndGlobalSection
	GlobalSection(ProjectConfigurationPlatforms) = postSolution
		{C5DFF1EA-A1BD-44C6-8E48-857EBF896C9C}.Debug|x64.ActiveCfg = Debug|x64
		{C5DFF1EA-A1BD-44C6-8E48-857EBF896C9C}.Debug|x64.Build.0 = Debug|x64
		{C5DFF1EA-A1BD-44C6-8E48-857EBF896C9C}.Debug|x86.ActiveCfg = Debug|x64
		{C5DFF1EA-A1BD-44C6-8E48-857EBF896C9C}.Debug|x86.Build.0 = Debug|x64
		{C5DFF1EA-A1BD-44C6-8E48-857EBF896C9C}.Release|x64.ActiveCfg = Release|x64
		{C5DFF1EA-A1BD-44C6-8E48-857EBF896C9C}.Release|x64.Build.0 = Release|x64
		{C5DFF1EA-A1BD-44C6-8E48-857EBF896C9C}.Release|x86.ActiveCfg = Release|Win32
		{C5DFF1EA-A1BD-44C6-8E48-857EBF896C9C}.Release|x86.Build.0 = Release|Win32
		{9F6721BD-A658-496C-87CC-14165D1D7DAE}.Debug|x64.ActiveCfg = Debug|x64
		{9F6721BD-A658-496C-87CC-14165D1D7DAE}.Debug|x64.Build.0 = Debug|x64
		{9F6721BD-A658-496C-87CC-14165D1D7DAE}.Debug|x86.ActiveCfg = Debug|Win32
		{9F6721BD-A658-496C-87CC-14165D1D7DAE}.Debug|x86.Build.0 = Debug|Win32
		{9F6721BD-A658-496C-87CC-14165D1D7DAE}.Release|x64.ActiveCfg = Release|x64
		{9F6721BD-A658-496C-87CC-14165D1D7DAE}.Release|x64.Build.0 = Release|x64
		{9F6721BD-A658-496C-87CC-14165D1D7DAE}.Release|x86.ActiveCfg = Release|Win32
		{9F6721BD-A658-496C-87CC-14165D1D7DAE}.Release|x86.Build.0 = Release|Win32
	EndGlobalSection
	GlobalSection(SolutionProperties) = preSolution
		HideSolutionNode = FALSE
	EndGlobalSection
	GlobalSection(ExtensibilityGlobals) = postSolution
		SolutionGuid = {5209A2CF-EF40-4060-815D-F766AEDB18C1}
	EndGlobalSection
EndGlobal
