<?xml version="1.0" encoding="utf-8"?>
<Project ToolsVersion="4.0" xmlns="http://schemas.microsoft.com/developer/msbuild/2003">
  <ItemGroup>
    <Filter Include="Source Files">
      <UniqueIdentifier>{4FC737F1-C7A5-4376-A066-2A32D752A2FF}</UniqueIdentifier>
      <Extensions>cpp;c;cc;cxx;def;odl;idl;hpj;bat;asm;asmx</Extensions>
    </Filter>
    <Filter Include="Header Files">
      <UniqueIdentifier>{93995380-89BD-4b04-88EB-625FBE52EBFB}</UniqueIdentifier>
      <Extensions>h;hpp;hxx;hm;inl;inc;xsd</Extensions>
    </Filter>
    <Filter Include="Resource Files">
      <UniqueIdentifier>{67DA6AB6-F800-4c08-8B7A-83BB121AAD01}</UniqueIdentifier>
      <Extensions>rc;ico;cur;bmp;dlg;rc2;rct;bin;rgs;gif;jpg;jpeg;jpe;resx;tiff;tif;png;wav;mfcribbon-ms</Extensions>
    </Filter>
    <Filter Include="Source Files\global">
      <UniqueIdentifier>{6d52f00c-5e7d-42e0-b7a7-5ddddb6f8806}</UniqueIdentifier>
    </Filter>
    <Filter Include="Source Files\shared">
      <UniqueIdentifier>{f719a756-5aa1-46d0-9166-27292b9cbd09}</UniqueIdentifier>
    </Filter>
    <Filter Include="Header Files\global">
      <UniqueIdentifier>{39747831-fec7-4c2b-9ff1-30f021348f6f}</UniqueIdentifier>
    </Filter>
    <Filter Include="Header Files\shared">
      <UniqueIdentifier>{e25fc887-a35a-48c3-aedc-c8c356c9f0ab}</UniqueIdentifier>
    </Filter>
  </ItemGroup>
  <ItemGroup>
    <None Include="ReadMe.txt" />
  </ItemGroup>
  <ItemGroup>
    <ClInclude Include="stdafx.h">
      <Filter>Header Files</Filter>
    </ClInclude>
    <ClInclude Include="targetver.h">
      <Filter>Header Files</Filter>
    </ClInclude>
    <ClInclude Include="..\shared\base64.h">
      <Filter>Header Files\shared</Filter>
    </ClInclude>
    <ClInclude Include="..\..\include\commutil.h">
      <Filter>Header Files\global</Filter>
    </ClInclude>
    <ClInclude Include="..\..\include\definebase.h">
      <Filter>Header Files\global</Filter>
    </ClInclude>
    <ClInclude Include="..\..\include\membuffer.h">
      <Filter>Header Files\global</Filter>
    </ClInclude>
    <ClInclude Include="..\..\include\wincommutil.h">
      <Filter>Header Files\global</Filter>
    </ClInclude>
    <ClInclude Include="..\shared\sqlitedb.h">
      <Filter>Header Files\shared</Filter>
    </ClInclude>
  </ItemGroup>
  <ItemGroup>
    <ClCompile Include="stdafx.cpp">
      <Filter>Source Files</Filter>
    </ClCompile>
    <ClCompile Include="SQLTest.cpp">
      <Filter>Source Files</Filter>
    </ClCompile>
    <ClCompile Include="..\shared\sqlite3.c">
      <Filter>Source Files\shared</Filter>
    </ClCompile>
    <ClCompile Include="..\shared\base64.cpp">
      <Filter>Source Files\shared</Filter>
    </ClCompile>
    <ClCompile Include="..\..\include\membuffer.cpp">
      <Filter>Source Files\global</Filter>
    </ClCompile>
    <ClCompile Include="..\shared\sqlitedb.cpp">
      <Filter>Source Files\shared</Filter>
    </ClCompile>
  </ItemGroup>
</Project>