
Microsoft Visual Studio Solution File, Format Version 11.00
# Visual Studio 2010
Project("{FAE04EC0-301F-11D3-BF4B-00C04F79EFBC}") = "PerfSvr", "PerfSvr\PerfSvr.csproj", "{F907A4C1-1ADE-424F-A5B3-3867E332F64A}"
EndProject
Project("{FAE04EC0-301F-11D3-BF4B-00C04F79EFBC}") = "PerfClient", "PerfClient\PerfClient.csproj", "{BB52AF5B-67EE-480D-B072-953C7EB2EA53}"
EndProject
Project("{FAE04EC0-301F-11D3-BF4B-00C04F79EFBC}") = "DefMyCallsInterface", "DefMyCallsInterface\DefMyCallsInterface.csproj", "{FB092A19-B847-4763-B79E-F1CC6D3CC7B1}"
EndProject
Global
	GlobalSection(SolutionConfigurationPlatforms) = preSolution
		Debug|Any CPU = Debug|Any CPU
		Debug|x86 = Debug|x86
		Release|Any CPU = Release|Any CPU
		Release|x86 = Release|x86
	EndGlobalSection
	GlobalSection(ProjectConfigurationPlatforms) = postSolution
		{F907A4C1-1ADE-424F-A5B3-3867E332F64A}.Debug|Any CPU.ActiveCfg = Debug|Any CPU
		{F907A4C1-1ADE-424F-A5B3-3867E332F64A}.Debug|Any CPU.Build.0 = Debug|Any CPU
		{F907A4C1-1ADE-424F-A5B3-3867E332F64A}.Debug|x86.ActiveCfg = Debug|x86
		{F907A4C1-1ADE-424F-A5B3-3867E332F64A}.Debug|x86.Build.0 = Debug|x86
		{F907A4C1-1ADE-424F-A5B3-3867E332F64A}.Release|Any CPU.ActiveCfg = Release|Any CPU
		{F907A4C1-1ADE-424F-A5B3-3867E332F64A}.Release|Any CPU.Build.0 = Release|Any CPU
		{F907A4C1-1ADE-424F-A5B3-3867E332F64A}.Release|x86.ActiveCfg = Release|x86
		{F907A4C1-1ADE-424F-A5B3-3867E332F64A}.Release|x86.Build.0 = Release|x86
		{BB52AF5B-67EE-480D-B072-953C7EB2EA53}.Debug|Any CPU.ActiveCfg = Debug|Any CPU
		{BB52AF5B-67EE-480D-B072-953C7EB2EA53}.Debug|Any CPU.Build.0 = Debug|Any CPU
		{BB52AF5B-67EE-480D-B072-953C7EB2EA53}.Debug|x86.ActiveCfg = Debug|x86
		{BB52AF5B-67EE-480D-B072-953C7EB2EA53}.Debug|x86.Build.0 = Debug|x86
		{BB52AF5B-67EE-480D-B072-953C7EB2EA53}.Release|Any CPU.ActiveCfg = Release|Any CPU
		{BB52AF5B-67EE-480D-B072-953C7EB2EA53}.Release|Any CPU.Build.0 = Release|Any CPU
		{BB52AF5B-67EE-480D-B072-953C7EB2EA53}.Release|x86.ActiveCfg = Release|x86
		{BB52AF5B-67EE-480D-B072-953C7EB2EA53}.Release|x86.Build.0 = Release|x86
		{FB092A19-B847-4763-B79E-F1CC6D3CC7B1}.Debug|Any CPU.ActiveCfg = Debug|Any CPU
		{FB092A19-B847-4763-B79E-F1CC6D3CC7B1}.Debug|Any CPU.Build.0 = Debug|Any CPU
		{FB092A19-B847-4763-B79E-F1CC6D3CC7B1}.Debug|x86.ActiveCfg = Debug|x86
		{FB092A19-B847-4763-B79E-F1CC6D3CC7B1}.Debug|x86.Build.0 = Debug|x86
		{FB092A19-B847-4763-B79E-F1CC6D3CC7B1}.Release|Any CPU.ActiveCfg = Release|Any CPU
		{FB092A19-B847-4763-B79E-F1CC6D3CC7B1}.Release|Any CPU.Build.0 = Release|Any CPU
		{FB092A19-B847-4763-B79E-F1CC6D3CC7B1}.Release|x86.ActiveCfg = Release|x86
		{FB092A19-B847-4763-B79E-F1CC6D3CC7B1}.Release|x86.Build.0 = Release|x86
	EndGlobalSection
	GlobalSection(SolutionProperties) = preSolution
		HideSolutionNode = FALSE
	EndGlobalSection
EndGlobal
