<?xml version="1.0" encoding="utf-8"?>
<Project ToolsVersion="4.0" xmlns="http://schemas.microsoft.com/developer/msbuild/2003">
  <ItemGroup>
    <Filter Include="Source Files">
      <UniqueIdentifier>{4FC737F1-C7A5-4376-A066-2A32D752A2FF}</UniqueIdentifier>
      <Extensions>cpp;c;cc;cxx;def;odl;idl;hpj;bat;asm;asmx</Extensions>
    </Filter>
    <Filter Include="Header Files">
      <UniqueIdentifier>{93995380-89BD-4b04-88EB-625FBE52EBFB}</UniqueIdentifier>
      <Extensions>h;hh;hpp;hxx;hm;inl;inc;ipp;xsd</Extensions>
    </Filter>
    <Filter Include="Resource Files">
      <UniqueIdentifier>{67DA6AB6-F800-4c08-8B7A-83BB121AAD01}</UniqueIdentifier>
      <Extensions>rc;ico;cur;bmp;dlg;rc2;rct;bin;rgs;gif;jpg;jpeg;jpe;resx;tiff;tif;png;wav;mfcribbon-ms</Extensions>
    </Filter>
  </ItemGroup>
  <ItemGroup>
    <ClInclude Include="stdafx.h">
      <Filter>Header Files</Filter>
    </ClInclude>
    <ClInclude Include="targetver.h">
      <Filter>Header Files</Filter>
    </ClInclude>
    <ClInclude Include="..\include\membuffer.h">
      <Filter>Header Files</Filter>
    </ClInclude>
    <ClInclude Include="..\core_shared\shared\certificateimpl.h">
      <Filter>Header Files</Filter>
    </ClInclude>
    <ClInclude Include="..\core_shared\shared\includes.h">
      <Filter>Header Files</Filter>
    </ClInclude>
    <ClInclude Include="..\core_shared\shared\scsspi.h">
      <Filter>Header Files</Filter>
    </ClInclude>
    <ClInclude Include="..\core_shared\shared\streamhead.h">
      <Filter>Header Files</Filter>
    </ClInclude>
    <ClInclude Include="..\core_shared\shared\uthread.h">
      <Filter>Header Files</Filter>
    </ClInclude>
    <ClInclude Include="..\include\commutil.h">
      <Filter>Header Files</Filter>
    </ClInclude>
    <ClInclude Include="..\include\ucomm.h">
      <Filter>Header Files</Filter>
    </ClInclude>
    <ClInclude Include="..\include\userver.h">
      <Filter>Header Files</Filter>
    </ClInclude>
    <ClInclude Include="..\servercore\connectioncontext.h">
      <Filter>Header Files</Filter>
    </ClInclude>
    <ClInclude Include="..\servercore\httpcontext.h">
      <Filter>Header Files</Filter>
    </ClInclude>
    <ClInclude Include="..\servercore\httpgrammar.h">
      <Filter>Header Files</Filter>
    </ClInclude>
    <ClInclude Include="..\servercore\jsloader.h">
      <Filter>Header Files</Filter>
    </ClInclude>
    <ClInclude Include="..\servercore\multipartgrammar.h">
      <Filter>Header Files</Filter>
    </ClInclude>
    <ClInclude Include="..\servercore\resindeximpl.h">
      <Filter>Header Files</Filter>
    </ClInclude>
    <ClInclude Include="..\servercore\serverthread.h">
      <Filter>Header Files</Filter>
    </ClInclude>
    <ClInclude Include="..\servercore\servicecontext.h">
      <Filter>Header Files</Filter>
    </ClInclude>
    <ClInclude Include="..\servercore\webrequestprocessor.h">
      <Filter>Header Files</Filter>
    </ClInclude>
    <ClInclude Include="..\servercore\webresponseProcessor.h">
      <Filter>Header Files</Filter>
    </ClInclude>
    <ClInclude Include="..\servercore\uhttpdefines.h">
      <Filter>Header Files</Filter>
    </ClInclude>
    <ClInclude Include="server.h">
      <Filter>Header Files</Filter>
    </ClInclude>
    <ClInclude Include="session.h">
      <Filter>Header Files</Filter>
    </ClInclude>
    <ClInclude Include="resource.h">
      <Filter>Header Files</Filter>
    </ClInclude>
  </ItemGroup>
  <ItemGroup>
    <ClCompile Include="stdafx.cpp">
      <Filter>Source Files</Filter>
    </ClCompile>
    <ClCompile Include="dllmain.cpp">
      <Filter>Source Files</Filter>
    </ClCompile>
    <ClCompile Include="..\include\membuffer.cpp">
      <Filter>Source Files</Filter>
    </ClCompile>
    <ClCompile Include="..\core_shared\pinc\base64.cpp">
      <Filter>Source Files</Filter>
    </ClCompile>
    <ClCompile Include="..\core_shared\shared\certificateimpl.cpp">
      <Filter>Source Files</Filter>
    </ClCompile>
    <ClCompile Include="..\core_shared\shared\includes.cpp">
      <Filter>Source Files</Filter>
    </ClCompile>
    <ClCompile Include="..\core_shared\shared\scsspi.cpp">
      <Filter>Source Files</Filter>
    </ClCompile>
    <ClCompile Include="..\core_shared\shared\uthread.cpp">
      <Filter>Source Files</Filter>
    </ClCompile>
    <ClCompile Include="..\servercore\connectioncontext.cpp">
      <Filter>Source Files</Filter>
    </ClCompile>
    <ClCompile Include="..\servercore\httpcontext.cpp">
      <Filter>Source Files</Filter>
    </ClCompile>
    <ClCompile Include="..\servercore\httpgrammar.cpp">
      <Filter>Source Files</Filter>
    </ClCompile>
    <ClCompile Include="..\servercore\jsloader.cpp">
      <Filter>Source Files</Filter>
    </ClCompile>
    <ClCompile Include="..\servercore\listimpl.cpp">
      <Filter>Source Files</Filter>
    </ClCompile>
    <ClCompile Include="..\servercore\multipartgrammar.cpp">
      <Filter>Source Files</Filter>
    </ClCompile>
    <ClCompile Include="..\servercore\resindeximpl.cpp">
      <Filter>Source Files</Filter>
    </ClCompile>
    <ClCompile Include="..\servercore\serverthread.cpp">
      <Filter>Source Files</Filter>
    </ClCompile>
    <ClCompile Include="..\servercore\servicecontext.cpp">
      <Filter>Source Files</Filter>
    </ClCompile>
    <ClCompile Include="..\servercore\svrimpl.cpp">
      <Filter>Source Files</Filter>
    </ClCompile>
    <ClCompile Include="..\servercore\webrequestprocessor.cpp">
      <Filter>Source Files</Filter>
    </ClCompile>
    <ClCompile Include="..\servercore\webresponseprocessor.cpp">
      <Filter>Source Files</Filter>
    </ClCompile>
    <ClCompile Include="server.cpp">
      <Filter>Source Files</Filter>
    </ClCompile>
    <ClCompile Include="session.cpp">
      <Filter>Source Files</Filter>
    </ClCompile>
  </ItemGroup>
  <ItemGroup>
    <ResourceCompile Include="uservercore.rc">
      <Filter>Resource Files</Filter>
    </ResourceCompile>
  </ItemGroup>
</Project>