
Microsoft Visual Studio Solution File, Format Version 11.00
# Visual Studio 2010
Project("{E24C65DC-7377-472B-9ABA-BC803B73C61A}") = "vbnet", ".", "{A012A3EC-2F70-4404-A59A-0B45DAEAA96F}"
	ProjectSection(WebsiteProperties) = preProject
		TargetFrameworkMoniker = ".NETFramework,Version%3Dv4.0"
		Debug.AspNetCompiler.VirtualPath = "/vbnet"
		Debug.AspNetCompiler.PhysicalPath = "..\vbnet\"
		Debug.AspNetCompiler.TargetPath = "PrecompiledWeb\vbnet\"
		Debug.AspNetCompiler.Updateable = "true"
		Debug.AspNetCompiler.ForceOverwrite = "true"
		Debug.AspNetCompiler.FixedNames = "false"
		Debug.AspNetCompiler.Debug = "True"
		Release.AspNetCompiler.VirtualPath = "/vbnet"
		Release.AspNetCompiler.PhysicalPath = "..\vbnet\"
		Release.AspNetCompiler.TargetPath = "PrecompiledWeb\vbnet\"
		Release.AspNetCompiler.Updateable = "true"
		Release.AspNetCompiler.ForceOverwrite = "true"
		Release.AspNetCompiler.FixedNames = "false"
		Release.AspNetCompiler.Debug = "False"
		VWDPort = "52361"
	EndProjectSection
EndProject
Global
	GlobalSection(SolutionConfigurationPlatforms) = preSolution
		Debug|.NET = Debug|.NET
		Debug|Any CPU = Debug|Any CPU
	EndGlobalSection
	GlobalSection(ProjectConfigurationPlatforms) = postSolution
		{A012A3EC-2F70-4404-A59A-0B45DAEAA96F}.Debug|.NET.ActiveCfg = Debug|.NET
		{A012A3EC-2F70-4404-A59A-0B45DAEAA96F}.Debug|.NET.Build.0 = Debug|.NET
		{A012A3EC-2F70-4404-A59A-0B45DAEAA96F}.Debug|Any CPU.ActiveCfg = Debug|.NET
		{A012A3EC-2F70-4404-A59A-0B45DAEAA96F}.Debug|Any CPU.Build.0 = Debug|.NET
	EndGlobalSection
	GlobalSection(SolutionProperties) = preSolution
		HideSolutionNode = FALSE
	EndGlobalSection
EndGlobal
