
Microsoft Visual Studio Solution File, Format Version 12.00
# Visual Studio 14
VisualStudioVersion = 14.0.25008.0
MinimumVisualStudioVersion = 10.0.40219.1
Project("{FAE04EC0-301F-11D3-BF4B-00C04F79EFBC}") = "SocketProAdapter2015", "SocketProAdapter2015.csproj", "{3103D317-4893-4F9B-823D-90F6DB71569A}"
EndProject
Global
	GlobalSection(SolutionConfigurationPlatforms) = preSolution
		Debug|Any CPU = Debug|Any CPU
		Release|Any CPU = Release|Any CPU
	EndGlobalSection
	GlobalSection(ProjectConfigurationPlatforms) = postSolution
		{3103D317-4893-4F9B-823D-90F6DB71569A}.Debug|Any CPU.ActiveCfg = Debug|Any CPU
		{3103D317-4893-4F9B-823D-90F6DB71569A}.Debug|Any CPU.Build.0 = Debug|Any CPU
		{3103D317-4893-4F9B-823D-90F6DB71569A}.Release|Any CPU.ActiveCfg = Release|Any CPU
		{3103D317-4893-4F9B-823D-90F6DB71569A}.Release|Any CPU.Build.0 = Release|Any CPU
	EndGlobalSection
	GlobalSection(SolutionProperties) = preSolution
		HideSolutionNode = FALSE
	EndGlobalSection
EndGlobal
