
Microsoft Visual Studio Solution File, Format Version 11.00
# Visual Studio 2010
Project("{FAE04EC0-301F-11D3-BF4B-00C04F79EFBC}") = "SproAdapter4", "SproAdapter4.csproj", "{83D40134-5DCE-4396-AC69-4D155CD8E660}"
EndProject
Global
	GlobalSection(SolutionConfigurationPlatforms) = preSolution
		Debug|Any CPU = Debug|Any CPU
		Release|Any CPU = Release|Any CPU
	EndGlobalSection
	GlobalSection(ProjectConfigurationPlatforms) = postSolution
		{83D40134-5DCE-4396-AC69-4D155CD8E660}.Debug|Any CPU.ActiveCfg = Debug|Any CPU
		{83D40134-5DCE-4396-AC69-4D155CD8E660}.Debug|Any CPU.Build.0 = Debug|Any CPU
		{83D40134-5DCE-4396-AC69-4D155CD8E660}.Release|Any CPU.ActiveCfg = Release|Any CPU
		{83D40134-5DCE-4396-AC69-4D155CD8E660}.Release|Any CPU.Build.0 = Release|Any CPU
	EndGlobalSection
	GlobalSection(SolutionProperties) = preSolution
		HideSolutionNode = FALSE
	EndGlobalSection
EndGlobal
