<?xml version="1.0" encoding="utf-8"?>
<Project ToolsVersion="4.0" xmlns="http://schemas.microsoft.com/developer/msbuild/2003">
  <ItemGroup>
    <ClCompile Include="sproclient.cpp">
      <Filter>Source Files</Filter>
    </ClCompile>
    <ClCompile Include="stdafx.cpp">
      <Filter>Source Files</Filter>
    </ClCompile>
    <ClCompile Include="..\include\aclientw.cpp">
      <Filter>Source Files\global</Filter>
    </ClCompile>
    <ClCompile Include="..\include\membuffer.cpp">
      <Filter>Source Files\global</Filter>
    </ClCompile>
  </ItemGroup>
  <ItemGroup>
    <ClInclude Include="stdafx.h">
      <Filter>Header Files</Filter>
    </ClInclude>
    <ClInclude Include="targetver.h">
      <Filter>Header Files</Filter>
    </ClInclude>
    <ClInclude Include="TEchoB.h">
      <Filter>Header Files</Filter>
    </ClInclude>
    <ClInclude Include="mysvshandler.h">
      <Filter>Header Files</Filter>
    </ClInclude>
    <ClInclude Include="TEchoD.h">
      <Filter>Header Files</Filter>
    </ClInclude>
    <ClInclude Include="TEchoC.h">
      <Filter>Header Files</Filter>
    </ClInclude>
    <ClInclude Include="TOne.h">
      <Filter>Header Files</Filter>
    </ClInclude>
    <ClInclude Include="..\include\aclientw.h">
      <Filter>Header Files\global</Filter>
    </ClInclude>
    <ClInclude Include="..\include\membuffer.h">
      <Filter>Header Files\global</Filter>
    </ClInclude>
    <ClInclude Include="..\include\wincommutil.h">
      <Filter>Header Files</Filter>
    </ClInclude>
  </ItemGroup>
  <ItemGroup>
    <Filter Include="Header Files">
      <UniqueIdentifier>{0e1a9951-154b-4602-abfa-9335655479bb}</UniqueIdentifier>
    </Filter>
    <Filter Include="Source Files">
      <UniqueIdentifier>{e3625f7d-dd3d-46d3-aee1-0e6348d0e21c}</UniqueIdentifier>
    </Filter>
    <Filter Include="Header Files\global">
      <UniqueIdentifier>{bd03e626-2aa9-4a90-8d65-e2a8528be2de}</UniqueIdentifier>
    </Filter>
    <Filter Include="Source Files\global">
      <UniqueIdentifier>{55434369-6f7d-4c99-96e4-f96323f8b5de}</UniqueIdentifier>
    </Filter>
  </ItemGroup>
</Project>